
Microsoft Visual Studio Solution File, Format Version 12.00
# Visual Studio 15
VisualStudioVersion = 15.0.26124.0
MinimumVisualStudioVersion = 15.0.26124.0
Project("{2150E333-8FDC-42A3-9474-1A3956D46DE8}") = "src", "src", "{09D80029-71E3-4B4D-AA1A-CD153787AED0}"
EndProject
Project("{2150E333-8FDC-42A3-9474-1A3956D46DE8}") = "tests", "tests", "{D54F7975-DC18-481A-824F-DF0FD37370C3}"
EndProject
Project("{2150E333-8FDC-42A3-9474-1A3956D46DE8}") = "docs", "docs", "{FCBA001C-2530-41E7-B122-66E996367F10}"
	ProjectSection(SolutionItems) = preProject
		azure-pipelines.yml = azure-pipelines.yml
		docs\Containerized Workflow.png = docs\Containerized Workflow.png
		Directory.Build.props = Directory.Build.props
		docs\Naos - Service Communication Overview.vsdx = docs\Naos - Service Communication Overview.vsdx
		README.md = README.md
		docs\todo.md = docs\todo.md
	EndProjectSection
EndProject
Project("{9A19103F-16F7-4668-BE54-9A1E7A4F7556}") = "Common.Web", "src\Naos.Core.Common.Web\Common.Web.csproj", "{D2A2D706-F821-4BAC-892F-B5F1FEAB82B5}"
EndProject
Project("{9A19103F-16F7-4668-BE54-9A1E7A4F7556}") = "Common.Web.Extensions", "src\Naos.Core.Common.Web.Extensions\Common.Web.Extensions.csproj", "{38F37EE8-D81B-49C3-8044-B48C48713B30}"
EndProject
Project("{9A19103F-16F7-4668-BE54-9A1E7A4F7556}") = "Domain", "src\Naos.Core.Domain\Domain.csproj", "{635C5135-B567-4DE0-8CCA-76FA97C2F540}"
EndProject
Project("{9A19103F-16F7-4668-BE54-9A1E7A4F7556}") = "Infrastructure.Azure.CosmosDb", "src\Naos.Core.Infrastructure.Azure.CosmosDb\Infrastructure.Azure.CosmosDb.csproj", "{B5FC5E1B-B108-43EF-80FF-99DF8C490F72}"
EndProject
Project("{9A19103F-16F7-4668-BE54-9A1E7A4F7556}") = "Infrastructure.SqlServer", "src\Naos.Core.Infrastructure.SqlServer\Infrastructure.SqlServer.csproj", "{0165E95D-DD49-48F0-A5E5-80AC7CB04397}"
EndProject
Project("{9A19103F-16F7-4668-BE54-9A1E7A4F7556}") = "App", "src\Naos.Core.App\App.csproj", "{CA7219C0-C600-4ECD-A2A5-B3BEF0DE15FC}"
EndProject
Project("{9A19103F-16F7-4668-BE54-9A1E7A4F7556}") = "App.Web", "src\Naos.Core.App.Web\App.Web.csproj", "{7060ED4B-CD75-43CB-AA37-408D7FCA937E}"
EndProject
Project("{9A19103F-16F7-4668-BE54-9A1E7A4F7556}") = "Common", "src\Naos.Core.Common\Common.csproj", "{06FE900A-CD37-42D5-A18E-DFCFF7796A40}"
EndProject
Project("{9A19103F-16F7-4668-BE54-9A1E7A4F7556}") = "Messaging", "src\Naos.Core.Messaging\Messaging.csproj", "{B86418EA-FEE2-42E1-B03E-CAAA43D3DBA5}"
EndProject
Project("{9A19103F-16F7-4668-BE54-9A1E7A4F7556}") = "Messaging.Infrastructure.RabbitMQ", "src\Naos.Core.Messaging.Infrastructure.RabbitMQ\Messaging.Infrastructure.RabbitMQ.csproj", "{D409507E-9055-4185-801F-4F66445183BC}"
EndProject
Project("{9A19103F-16F7-4668-BE54-9A1E7A4F7556}") = "UnitTests", "tests\UnitTests\UnitTests.csproj", "{2515C160-1A6A-4E8A-9853-D25A5D08BDCC}"
EndProject
Project("{9A19103F-16F7-4668-BE54-9A1E7A4F7556}") = "Sample.App.Web", "tests\Sample.App.Web\Sample.App.Web.csproj", "{8EBF6580-FA63-4078-AB0F-B97771C3DCE0}"
EndProject
Project("{9A19103F-16F7-4668-BE54-9A1E7A4F7556}") = "Sample.Messaging.App.Console", "tests\Sample.Messaging.App.Console\Sample.Messaging.App.Console.csproj", "{633DD43F-BB9B-4DB3-8D77-9C63B96FC352}"
EndProject
Project("{9A19103F-16F7-4668-BE54-9A1E7A4F7556}") = "App.Commands", "src\App.Commands\App.Commands.csproj", "{D199A34D-6FE9-48A7-BDEE-3F01572BF3D4}"
EndProject
Project("{9A19103F-16F7-4668-BE54-9A1E7A4F7556}") = "Messaging.Infrastructure.Azure", "src\Naos.Core.Messaging.Infrastructure.Azure\Messaging.Infrastructure.Azure.csproj", "{BD63E3F7-598B-470E-B33D-1EF4D446DF6B}"
EndProject
Project("{9A19103F-16F7-4668-BE54-9A1E7A4F7556}") = "Infrastructure.Azure.KeyVault", "src\Infrastructure.Azure.KeyVault\Infrastructure.Azure.KeyVault.csproj", "{DBA9758B-BED6-45E3-BB95-D95F4CBADCFB}"
EndProject
Global
	GlobalSection(SolutionConfigurationPlatforms) = preSolution
		Debug|Any CPU = Debug|Any CPU
		Debug|x64 = Debug|x64
		Debug|x86 = Debug|x86
		Release|Any CPU = Release|Any CPU
		Release|x64 = Release|x64
		Release|x86 = Release|x86
	EndGlobalSection
	GlobalSection(ProjectConfigurationPlatforms) = postSolution
		{D2A2D706-F821-4BAC-892F-B5F1FEAB82B5}.Debug|Any CPU.ActiveCfg = Debug|Any CPU
		{D2A2D706-F821-4BAC-892F-B5F1FEAB82B5}.Debug|Any CPU.Build.0 = Debug|Any CPU
		{D2A2D706-F821-4BAC-892F-B5F1FEAB82B5}.Debug|x64.ActiveCfg = Debug|Any CPU
		{D2A2D706-F821-4BAC-892F-B5F1FEAB82B5}.Debug|x64.Build.0 = Debug|Any CPU
		{D2A2D706-F821-4BAC-892F-B5F1FEAB82B5}.Debug|x86.ActiveCfg = Debug|Any CPU
		{D2A2D706-F821-4BAC-892F-B5F1FEAB82B5}.Debug|x86.Build.0 = Debug|Any CPU
		{D2A2D706-F821-4BAC-892F-B5F1FEAB82B5}.Release|Any CPU.ActiveCfg = Release|Any CPU
		{D2A2D706-F821-4BAC-892F-B5F1FEAB82B5}.Release|Any CPU.Build.0 = Release|Any CPU
		{D2A2D706-F821-4BAC-892F-B5F1FEAB82B5}.Release|x64.ActiveCfg = Release|Any CPU
		{D2A2D706-F821-4BAC-892F-B5F1FEAB82B5}.Release|x64.Build.0 = Release|Any CPU
		{D2A2D706-F821-4BAC-892F-B5F1FEAB82B5}.Release|x86.ActiveCfg = Release|Any CPU
		{D2A2D706-F821-4BAC-892F-B5F1FEAB82B5}.Release|x86.Build.0 = Release|Any CPU
		{38F37EE8-D81B-49C3-8044-B48C48713B30}.Debug|Any CPU.ActiveCfg = Debug|Any CPU
		{38F37EE8-D81B-49C3-8044-B48C48713B30}.Debug|Any CPU.Build.0 = Debug|Any CPU
		{38F37EE8-D81B-49C3-8044-B48C48713B30}.Debug|x64.ActiveCfg = Debug|Any CPU
		{38F37EE8-D81B-49C3-8044-B48C48713B30}.Debug|x64.Build.0 = Debug|Any CPU
		{38F37EE8-D81B-49C3-8044-B48C48713B30}.Debug|x86.ActiveCfg = Debug|Any CPU
		{38F37EE8-D81B-49C3-8044-B48C48713B30}.Debug|x86.Build.0 = Debug|Any CPU
		{38F37EE8-D81B-49C3-8044-B48C48713B30}.Release|Any CPU.ActiveCfg = Release|Any CPU
		{38F37EE8-D81B-49C3-8044-B48C48713B30}.Release|Any CPU.Build.0 = Release|Any CPU
		{38F37EE8-D81B-49C3-8044-B48C48713B30}.Release|x64.ActiveCfg = Release|Any CPU
		{38F37EE8-D81B-49C3-8044-B48C48713B30}.Release|x64.Build.0 = Release|Any CPU
		{38F37EE8-D81B-49C3-8044-B48C48713B30}.Release|x86.ActiveCfg = Release|Any CPU
		{38F37EE8-D81B-49C3-8044-B48C48713B30}.Release|x86.Build.0 = Release|Any CPU
		{635C5135-B567-4DE0-8CCA-76FA97C2F540}.Debug|Any CPU.ActiveCfg = Debug|Any CPU
		{635C5135-B567-4DE0-8CCA-76FA97C2F540}.Debug|Any CPU.Build.0 = Debug|Any CPU
		{635C5135-B567-4DE0-8CCA-76FA97C2F540}.Debug|x64.ActiveCfg = Debug|Any CPU
		{635C5135-B567-4DE0-8CCA-76FA97C2F540}.Debug|x64.Build.0 = Debug|Any CPU
		{635C5135-B567-4DE0-8CCA-76FA97C2F540}.Debug|x86.ActiveCfg = Debug|Any CPU
		{635C5135-B567-4DE0-8CCA-76FA97C2F540}.Debug|x86.Build.0 = Debug|Any CPU
		{635C5135-B567-4DE0-8CCA-76FA97C2F540}.Release|Any CPU.ActiveCfg = Release|Any CPU
		{635C5135-B567-4DE0-8CCA-76FA97C2F540}.Release|Any CPU.Build.0 = Release|Any CPU
		{635C5135-B567-4DE0-8CCA-76FA97C2F540}.Release|x64.ActiveCfg = Release|Any CPU
		{635C5135-B567-4DE0-8CCA-76FA97C2F540}.Release|x64.Build.0 = Release|Any CPU
		{635C5135-B567-4DE0-8CCA-76FA97C2F540}.Release|x86.ActiveCfg = Release|Any CPU
		{635C5135-B567-4DE0-8CCA-76FA97C2F540}.Release|x86.Build.0 = Release|Any CPU
		{B5FC5E1B-B108-43EF-80FF-99DF8C490F72}.Debug|Any CPU.ActiveCfg = Debug|Any CPU
		{B5FC5E1B-B108-43EF-80FF-99DF8C490F72}.Debug|Any CPU.Build.0 = Debug|Any CPU
		{B5FC5E1B-B108-43EF-80FF-99DF8C490F72}.Debug|x64.ActiveCfg = Debug|Any CPU
		{B5FC5E1B-B108-43EF-80FF-99DF8C490F72}.Debug|x64.Build.0 = Debug|Any CPU
		{B5FC5E1B-B108-43EF-80FF-99DF8C490F72}.Debug|x86.ActiveCfg = Debug|Any CPU
		{B5FC5E1B-B108-43EF-80FF-99DF8C490F72}.Debug|x86.Build.0 = Debug|Any CPU
		{B5FC5E1B-B108-43EF-80FF-99DF8C490F72}.Release|Any CPU.ActiveCfg = Release|Any CPU
		{B5FC5E1B-B108-43EF-80FF-99DF8C490F72}.Release|Any CPU.Build.0 = Release|Any CPU
		{B5FC5E1B-B108-43EF-80FF-99DF8C490F72}.Release|x64.ActiveCfg = Release|Any CPU
		{B5FC5E1B-B108-43EF-80FF-99DF8C490F72}.Release|x64.Build.0 = Release|Any CPU
		{B5FC5E1B-B108-43EF-80FF-99DF8C490F72}.Release|x86.ActiveCfg = Release|Any CPU
		{B5FC5E1B-B108-43EF-80FF-99DF8C490F72}.Release|x86.Build.0 = Release|Any CPU
		{0165E95D-DD49-48F0-A5E5-80AC7CB04397}.Debug|Any CPU.ActiveCfg = Debug|Any CPU
		{0165E95D-DD49-48F0-A5E5-80AC7CB04397}.Debug|Any CPU.Build.0 = Debug|Any CPU
		{0165E95D-DD49-48F0-A5E5-80AC7CB04397}.Debug|x64.ActiveCfg = Debug|Any CPU
		{0165E95D-DD49-48F0-A5E5-80AC7CB04397}.Debug|x64.Build.0 = Debug|Any CPU
		{0165E95D-DD49-48F0-A5E5-80AC7CB04397}.Debug|x86.ActiveCfg = Debug|Any CPU
		{0165E95D-DD49-48F0-A5E5-80AC7CB04397}.Debug|x86.Build.0 = Debug|Any CPU
		{0165E95D-DD49-48F0-A5E5-80AC7CB04397}.Release|Any CPU.ActiveCfg = Release|Any CPU
		{0165E95D-DD49-48F0-A5E5-80AC7CB04397}.Release|Any CPU.Build.0 = Release|Any CPU
		{0165E95D-DD49-48F0-A5E5-80AC7CB04397}.Release|x64.ActiveCfg = Release|Any CPU
		{0165E95D-DD49-48F0-A5E5-80AC7CB04397}.Release|x64.Build.0 = Release|Any CPU
		{0165E95D-DD49-48F0-A5E5-80AC7CB04397}.Release|x86.ActiveCfg = Release|Any CPU
		{0165E95D-DD49-48F0-A5E5-80AC7CB04397}.Release|x86.Build.0 = Release|Any CPU
		{CA7219C0-C600-4ECD-A2A5-B3BEF0DE15FC}.Debug|Any CPU.ActiveCfg = Debug|Any CPU
		{CA7219C0-C600-4ECD-A2A5-B3BEF0DE15FC}.Debug|Any CPU.Build.0 = Debug|Any CPU
		{CA7219C0-C600-4ECD-A2A5-B3BEF0DE15FC}.Debug|x64.ActiveCfg = Debug|Any CPU
		{CA7219C0-C600-4ECD-A2A5-B3BEF0DE15FC}.Debug|x64.Build.0 = Debug|Any CPU
		{CA7219C0-C600-4ECD-A2A5-B3BEF0DE15FC}.Debug|x86.ActiveCfg = Debug|Any CPU
		{CA7219C0-C600-4ECD-A2A5-B3BEF0DE15FC}.Debug|x86.Build.0 = Debug|Any CPU
		{CA7219C0-C600-4ECD-A2A5-B3BEF0DE15FC}.Release|Any CPU.ActiveCfg = Release|Any CPU
		{CA7219C0-C600-4ECD-A2A5-B3BEF0DE15FC}.Release|Any CPU.Build.0 = Release|Any CPU
		{CA7219C0-C600-4ECD-A2A5-B3BEF0DE15FC}.Release|x64.ActiveCfg = Release|Any CPU
		{CA7219C0-C600-4ECD-A2A5-B3BEF0DE15FC}.Release|x64.Build.0 = Release|Any CPU
		{CA7219C0-C600-4ECD-A2A5-B3BEF0DE15FC}.Release|x86.ActiveCfg = Release|Any CPU
		{CA7219C0-C600-4ECD-A2A5-B3BEF0DE15FC}.Release|x86.Build.0 = Release|Any CPU
		{7060ED4B-CD75-43CB-AA37-408D7FCA937E}.Debug|Any CPU.ActiveCfg = Debug|Any CPU
		{7060ED4B-CD75-43CB-AA37-408D7FCA937E}.Debug|Any CPU.Build.0 = Debug|Any CPU
		{7060ED4B-CD75-43CB-AA37-408D7FCA937E}.Debug|x64.ActiveCfg = Debug|Any CPU
		{7060ED4B-CD75-43CB-AA37-408D7FCA937E}.Debug|x64.Build.0 = Debug|Any CPU
		{7060ED4B-CD75-43CB-AA37-408D7FCA937E}.Debug|x86.ActiveCfg = Debug|Any CPU
		{7060ED4B-CD75-43CB-AA37-408D7FCA937E}.Debug|x86.Build.0 = Debug|Any CPU
		{7060ED4B-CD75-43CB-AA37-408D7FCA937E}.Release|Any CPU.ActiveCfg = Release|Any CPU
		{7060ED4B-CD75-43CB-AA37-408D7FCA937E}.Release|Any CPU.Build.0 = Release|Any CPU
		{7060ED4B-CD75-43CB-AA37-408D7FCA937E}.Release|x64.ActiveCfg = Release|Any CPU
		{7060ED4B-CD75-43CB-AA37-408D7FCA937E}.Release|x64.Build.0 = Release|Any CPU
		{7060ED4B-CD75-43CB-AA37-408D7FCA937E}.Release|x86.ActiveCfg = Release|Any CPU
		{7060ED4B-CD75-43CB-AA37-408D7FCA937E}.Release|x86.Build.0 = Release|Any CPU
		{06FE900A-CD37-42D5-A18E-DFCFF7796A40}.Debug|Any CPU.ActiveCfg = Debug|Any CPU
		{06FE900A-CD37-42D5-A18E-DFCFF7796A40}.Debug|Any CPU.Build.0 = Debug|Any CPU
		{06FE900A-CD37-42D5-A18E-DFCFF7796A40}.Debug|x64.ActiveCfg = Debug|Any CPU
		{06FE900A-CD37-42D5-A18E-DFCFF7796A40}.Debug|x64.Build.0 = Debug|Any CPU
		{06FE900A-CD37-42D5-A18E-DFCFF7796A40}.Debug|x86.ActiveCfg = Debug|Any CPU
		{06FE900A-CD37-42D5-A18E-DFCFF7796A40}.Debug|x86.Build.0 = Debug|Any CPU
		{06FE900A-CD37-42D5-A18E-DFCFF7796A40}.Release|Any CPU.ActiveCfg = Release|Any CPU
		{06FE900A-CD37-42D5-A18E-DFCFF7796A40}.Release|Any CPU.Build.0 = Release|Any CPU
		{06FE900A-CD37-42D5-A18E-DFCFF7796A40}.Release|x64.ActiveCfg = Release|Any CPU
		{06FE900A-CD37-42D5-A18E-DFCFF7796A40}.Release|x64.Build.0 = Release|Any CPU
		{06FE900A-CD37-42D5-A18E-DFCFF7796A40}.Release|x86.ActiveCfg = Release|Any CPU
		{06FE900A-CD37-42D5-A18E-DFCFF7796A40}.Release|x86.Build.0 = Release|Any CPU
		{B86418EA-FEE2-42E1-B03E-CAAA43D3DBA5}.Debug|Any CPU.ActiveCfg = Debug|Any CPU
		{B86418EA-FEE2-42E1-B03E-CAAA43D3DBA5}.Debug|Any CPU.Build.0 = Debug|Any CPU
		{B86418EA-FEE2-42E1-B03E-CAAA43D3DBA5}.Debug|x64.ActiveCfg = Debug|Any CPU
		{B86418EA-FEE2-42E1-B03E-CAAA43D3DBA5}.Debug|x64.Build.0 = Debug|Any CPU
		{B86418EA-FEE2-42E1-B03E-CAAA43D3DBA5}.Debug|x86.ActiveCfg = Debug|Any CPU
		{B86418EA-FEE2-42E1-B03E-CAAA43D3DBA5}.Debug|x86.Build.0 = Debug|Any CPU
		{B86418EA-FEE2-42E1-B03E-CAAA43D3DBA5}.Release|Any CPU.ActiveCfg = Release|Any CPU
		{B86418EA-FEE2-42E1-B03E-CAAA43D3DBA5}.Release|Any CPU.Build.0 = Release|Any CPU
		{B86418EA-FEE2-42E1-B03E-CAAA43D3DBA5}.Release|x64.ActiveCfg = Release|Any CPU
		{B86418EA-FEE2-42E1-B03E-CAAA43D3DBA5}.Release|x64.Build.0 = Release|Any CPU
		{B86418EA-FEE2-42E1-B03E-CAAA43D3DBA5}.Release|x86.ActiveCfg = Release|Any CPU
		{B86418EA-FEE2-42E1-B03E-CAAA43D3DBA5}.Release|x86.Build.0 = Release|Any CPU
		{D409507E-9055-4185-801F-4F66445183BC}.Debug|Any CPU.ActiveCfg = Debug|Any CPU
		{D409507E-9055-4185-801F-4F66445183BC}.Debug|Any CPU.Build.0 = Debug|Any CPU
		{D409507E-9055-4185-801F-4F66445183BC}.Debug|x64.ActiveCfg = Debug|Any CPU
		{D409507E-9055-4185-801F-4F66445183BC}.Debug|x64.Build.0 = Debug|Any CPU
		{D409507E-9055-4185-801F-4F66445183BC}.Debug|x86.ActiveCfg = Debug|Any CPU
		{D409507E-9055-4185-801F-4F66445183BC}.Debug|x86.Build.0 = Debug|Any CPU
		{D409507E-9055-4185-801F-4F66445183BC}.Release|Any CPU.ActiveCfg = Release|Any CPU
		{D409507E-9055-4185-801F-4F66445183BC}.Release|Any CPU.Build.0 = Release|Any CPU
		{D409507E-9055-4185-801F-4F66445183BC}.Release|x64.ActiveCfg = Release|Any CPU
		{D409507E-9055-4185-801F-4F66445183BC}.Release|x64.Build.0 = Release|Any CPU
		{D409507E-9055-4185-801F-4F66445183BC}.Release|x86.ActiveCfg = Release|Any CPU
		{D409507E-9055-4185-801F-4F66445183BC}.Release|x86.Build.0 = Release|Any CPU
		{2515C160-1A6A-4E8A-9853-D25A5D08BDCC}.Debug|Any CPU.ActiveCfg = Debug|Any CPU
		{2515C160-1A6A-4E8A-9853-D25A5D08BDCC}.Debug|Any CPU.Build.0 = Debug|Any CPU
		{2515C160-1A6A-4E8A-9853-D25A5D08BDCC}.Debug|x64.ActiveCfg = Debug|Any CPU
		{2515C160-1A6A-4E8A-9853-D25A5D08BDCC}.Debug|x64.Build.0 = Debug|Any CPU
		{2515C160-1A6A-4E8A-9853-D25A5D08BDCC}.Debug|x86.ActiveCfg = Debug|Any CPU
		{2515C160-1A6A-4E8A-9853-D25A5D08BDCC}.Debug|x86.Build.0 = Debug|Any CPU
		{2515C160-1A6A-4E8A-9853-D25A5D08BDCC}.Release|Any CPU.ActiveCfg = Release|Any CPU
		{2515C160-1A6A-4E8A-9853-D25A5D08BDCC}.Release|Any CPU.Build.0 = Release|Any CPU
		{2515C160-1A6A-4E8A-9853-D25A5D08BDCC}.Release|x64.ActiveCfg = Release|Any CPU
		{2515C160-1A6A-4E8A-9853-D25A5D08BDCC}.Release|x64.Build.0 = Release|Any CPU
		{2515C160-1A6A-4E8A-9853-D25A5D08BDCC}.Release|x86.ActiveCfg = Release|Any CPU
		{2515C160-1A6A-4E8A-9853-D25A5D08BDCC}.Release|x86.Build.0 = Release|Any CPU
		{8EBF6580-FA63-4078-AB0F-B97771C3DCE0}.Debug|Any CPU.ActiveCfg = Debug|Any CPU
		{8EBF6580-FA63-4078-AB0F-B97771C3DCE0}.Debug|Any CPU.Build.0 = Debug|Any CPU
		{8EBF6580-FA63-4078-AB0F-B97771C3DCE0}.Debug|x64.ActiveCfg = Debug|Any CPU
		{8EBF6580-FA63-4078-AB0F-B97771C3DCE0}.Debug|x64.Build.0 = Debug|Any CPU
		{8EBF6580-FA63-4078-AB0F-B97771C3DCE0}.Debug|x86.ActiveCfg = Debug|Any CPU
		{8EBF6580-FA63-4078-AB0F-B97771C3DCE0}.Debug|x86.Build.0 = Debug|Any CPU
		{8EBF6580-FA63-4078-AB0F-B97771C3DCE0}.Release|Any CPU.ActiveCfg = Release|Any CPU
		{8EBF6580-FA63-4078-AB0F-B97771C3DCE0}.Release|Any CPU.Build.0 = Release|Any CPU
		{8EBF6580-FA63-4078-AB0F-B97771C3DCE0}.Release|x64.ActiveCfg = Release|Any CPU
		{8EBF6580-FA63-4078-AB0F-B97771C3DCE0}.Release|x64.Build.0 = Release|Any CPU
		{8EBF6580-FA63-4078-AB0F-B97771C3DCE0}.Release|x86.ActiveCfg = Release|Any CPU
		{8EBF6580-FA63-4078-AB0F-B97771C3DCE0}.Release|x86.Build.0 = Release|Any CPU
		{633DD43F-BB9B-4DB3-8D77-9C63B96FC352}.Debug|Any CPU.ActiveCfg = Debug|Any CPU
		{633DD43F-BB9B-4DB3-8D77-9C63B96FC352}.Debug|Any CPU.Build.0 = Debug|Any CPU
		{633DD43F-BB9B-4DB3-8D77-9C63B96FC352}.Debug|x64.ActiveCfg = Debug|Any CPU
		{633DD43F-BB9B-4DB3-8D77-9C63B96FC352}.Debug|x64.Build.0 = Debug|Any CPU
		{633DD43F-BB9B-4DB3-8D77-9C63B96FC352}.Debug|x86.ActiveCfg = Debug|Any CPU
		{633DD43F-BB9B-4DB3-8D77-9C63B96FC352}.Debug|x86.Build.0 = Debug|Any CPU
		{633DD43F-BB9B-4DB3-8D77-9C63B96FC352}.Release|Any CPU.ActiveCfg = Release|Any CPU
		{633DD43F-BB9B-4DB3-8D77-9C63B96FC352}.Release|Any CPU.Build.0 = Release|Any CPU
		{633DD43F-BB9B-4DB3-8D77-9C63B96FC352}.Release|x64.ActiveCfg = Release|Any CPU
		{633DD43F-BB9B-4DB3-8D77-9C63B96FC352}.Release|x64.Build.0 = Release|Any CPU
		{633DD43F-BB9B-4DB3-8D77-9C63B96FC352}.Release|x86.ActiveCfg = Release|Any CPU
		{633DD43F-BB9B-4DB3-8D77-9C63B96FC352}.Release|x86.Build.0 = Release|Any CPU
		{D199A34D-6FE9-48A7-BDEE-3F01572BF3D4}.Debug|Any CPU.ActiveCfg = Debug|Any CPU
		{D199A34D-6FE9-48A7-BDEE-3F01572BF3D4}.Debug|Any CPU.Build.0 = Debug|Any CPU
		{D199A34D-6FE9-48A7-BDEE-3F01572BF3D4}.Debug|x64.ActiveCfg = Debug|Any CPU
		{D199A34D-6FE9-48A7-BDEE-3F01572BF3D4}.Debug|x64.Build.0 = Debug|Any CPU
		{D199A34D-6FE9-48A7-BDEE-3F01572BF3D4}.Debug|x86.ActiveCfg = Debug|Any CPU
		{D199A34D-6FE9-48A7-BDEE-3F01572BF3D4}.Debug|x86.Build.0 = Debug|Any CPU
		{D199A34D-6FE9-48A7-BDEE-3F01572BF3D4}.Release|Any CPU.ActiveCfg = Release|Any CPU
		{D199A34D-6FE9-48A7-BDEE-3F01572BF3D4}.Release|Any CPU.Build.0 = Release|Any CPU
		{D199A34D-6FE9-48A7-BDEE-3F01572BF3D4}.Release|x64.ActiveCfg = Release|Any CPU
		{D199A34D-6FE9-48A7-BDEE-3F01572BF3D4}.Release|x64.Build.0 = Release|Any CPU
		{D199A34D-6FE9-48A7-BDEE-3F01572BF3D4}.Release|x86.ActiveCfg = Release|Any CPU
		{D199A34D-6FE9-48A7-BDEE-3F01572BF3D4}.Release|x86.Build.0 = Release|Any CPU
		{BD63E3F7-598B-470E-B33D-1EF4D446DF6B}.Debug|Any CPU.ActiveCfg = Debug|Any CPU
		{BD63E3F7-598B-470E-B33D-1EF4D446DF6B}.Debug|Any CPU.Build.0 = Debug|Any CPU
		{BD63E3F7-598B-470E-B33D-1EF4D446DF6B}.Debug|x64.ActiveCfg = Debug|Any CPU
		{BD63E3F7-598B-470E-B33D-1EF4D446DF6B}.Debug|x64.Build.0 = Debug|Any CPU
		{BD63E3F7-598B-470E-B33D-1EF4D446DF6B}.Debug|x86.ActiveCfg = Debug|Any CPU
		{BD63E3F7-598B-470E-B33D-1EF4D446DF6B}.Debug|x86.Build.0 = Debug|Any CPU
		{BD63E3F7-598B-470E-B33D-1EF4D446DF6B}.Release|Any CPU.ActiveCfg = Release|Any CPU
		{BD63E3F7-598B-470E-B33D-1EF4D446DF6B}.Release|Any CPU.Build.0 = Release|Any CPU
		{BD63E3F7-598B-470E-B33D-1EF4D446DF6B}.Release|x64.ActiveCfg = Release|Any CPU
		{BD63E3F7-598B-470E-B33D-1EF4D446DF6B}.Release|x64.Build.0 = Release|Any CPU
		{BD63E3F7-598B-470E-B33D-1EF4D446DF6B}.Release|x86.ActiveCfg = Release|Any CPU
		{BD63E3F7-598B-470E-B33D-1EF4D446DF6B}.Release|x86.Build.0 = Release|Any CPU
		{DBA9758B-BED6-45E3-BB95-D95F4CBADCFB}.Debug|Any CPU.ActiveCfg = Debug|Any CPU
		{DBA9758B-BED6-45E3-BB95-D95F4CBADCFB}.Debug|Any CPU.Build.0 = Debug|Any CPU
		{DBA9758B-BED6-45E3-BB95-D95F4CBADCFB}.Debug|x64.ActiveCfg = Debug|Any CPU
		{DBA9758B-BED6-45E3-BB95-D95F4CBADCFB}.Debug|x64.Build.0 = Debug|Any CPU
		{DBA9758B-BED6-45E3-BB95-D95F4CBADCFB}.Debug|x86.ActiveCfg = Debug|Any CPU
		{DBA9758B-BED6-45E3-BB95-D95F4CBADCFB}.Debug|x86.Build.0 = Debug|Any CPU
		{DBA9758B-BED6-45E3-BB95-D95F4CBADCFB}.Release|Any CPU.ActiveCfg = Release|Any CPU
		{DBA9758B-BED6-45E3-BB95-D95F4CBADCFB}.Release|Any CPU.Build.0 = Release|Any CPU
		{DBA9758B-BED6-45E3-BB95-D95F4CBADCFB}.Release|x64.ActiveCfg = Release|Any CPU
		{DBA9758B-BED6-45E3-BB95-D95F4CBADCFB}.Release|x64.Build.0 = Release|Any CPU
		{DBA9758B-BED6-45E3-BB95-D95F4CBADCFB}.Release|x86.ActiveCfg = Release|Any CPU
		{DBA9758B-BED6-45E3-BB95-D95F4CBADCFB}.Release|x86.Build.0 = Release|Any CPU
	EndGlobalSection
	GlobalSection(SolutionProperties) = preSolution
		HideSolutionNode = FALSE
	EndGlobalSection
	GlobalSection(NestedProjects) = preSolution
		{D2A2D706-F821-4BAC-892F-B5F1FEAB82B5} = {09D80029-71E3-4B4D-AA1A-CD153787AED0}
		{38F37EE8-D81B-49C3-8044-B48C48713B30} = {09D80029-71E3-4B4D-AA1A-CD153787AED0}
		{635C5135-B567-4DE0-8CCA-76FA97C2F540} = {09D80029-71E3-4B4D-AA1A-CD153787AED0}
		{B5FC5E1B-B108-43EF-80FF-99DF8C490F72} = {09D80029-71E3-4B4D-AA1A-CD153787AED0}
		{0165E95D-DD49-48F0-A5E5-80AC7CB04397} = {09D80029-71E3-4B4D-AA1A-CD153787AED0}
		{CA7219C0-C600-4ECD-A2A5-B3BEF0DE15FC} = {09D80029-71E3-4B4D-AA1A-CD153787AED0}
		{7060ED4B-CD75-43CB-AA37-408D7FCA937E} = {09D80029-71E3-4B4D-AA1A-CD153787AED0}
		{06FE900A-CD37-42D5-A18E-DFCFF7796A40} = {09D80029-71E3-4B4D-AA1A-CD153787AED0}
		{B86418EA-FEE2-42E1-B03E-CAAA43D3DBA5} = {09D80029-71E3-4B4D-AA1A-CD153787AED0}
		{D409507E-9055-4185-801F-4F66445183BC} = {09D80029-71E3-4B4D-AA1A-CD153787AED0}
		{2515C160-1A6A-4E8A-9853-D25A5D08BDCC} = {D54F7975-DC18-481A-824F-DF0FD37370C3}
		{8EBF6580-FA63-4078-AB0F-B97771C3DCE0} = {D54F7975-DC18-481A-824F-DF0FD37370C3}
		{633DD43F-BB9B-4DB3-8D77-9C63B96FC352} = {D54F7975-DC18-481A-824F-DF0FD37370C3}
		{D199A34D-6FE9-48A7-BDEE-3F01572BF3D4} = {09D80029-71E3-4B4D-AA1A-CD153787AED0}
		{BD63E3F7-598B-470E-B33D-1EF4D446DF6B} = {09D80029-71E3-4B4D-AA1A-CD153787AED0}
		{DBA9758B-BED6-45E3-BB95-D95F4CBADCFB} = {09D80029-71E3-4B4D-AA1A-CD153787AED0}
	EndGlobalSection
	GlobalSection(ExtensibilityGlobals) = postSolution
		SolutionGuid = {BD699E0F-4BC9-41A9-93D5-E89FDDA8FC17}
	EndGlobalSection
EndGlobal
