
Microsoft Visual Studio Solution File, Format Version 12.00
# Visual Studio 15
VisualStudioVersion = 15.0.26124.0
MinimumVisualStudioVersion = 15.0.26124.0
Project("{2150E333-8FDC-42A3-9474-1A3956D46DE8}") = "src", "src", "{09D80029-71E3-4B4D-AA1A-CD153787AED0}"
EndProject
Project("{2150E333-8FDC-42A3-9474-1A3956D46DE8}") = "tests", "tests", "{D54F7975-DC18-481A-824F-DF0FD37370C3}"
EndProject
Project("{2150E333-8FDC-42A3-9474-1A3956D46DE8}") = "docs", "docs", "{FCBA001C-2530-41E7-B122-66E996367F10}"
	ProjectSection(SolutionItems) = preProject
		azure-pipelines.yml = azure-pipelines.yml
		docs\Containerized Workflow.png = docs\Containerized Workflow.png
		Directory.Build.props = Directory.Build.props
		docs\Naos - Service Communication Overview.vsdx = docs\Naos - Service Communication Overview.vsdx
		README.md = README.md
		docs\todo.md = docs\todo.md
	EndProjectSection
EndProject
Project("{9A19103F-16F7-4668-BE54-9A1E7A4F7556}") = "Common.Web", "src\Common.Web\Common.Web.csproj", "{D2A2D706-F821-4BAC-892F-B5F1FEAB82B5}"
EndProject
Project("{9A19103F-16F7-4668-BE54-9A1E7A4F7556}") = "Common.Web.Extensions", "src\Common.Web.Extensions\Common.Web.Extensions.csproj", "{38F37EE8-D81B-49C3-8044-B48C48713B30}"
EndProject
Project("{9A19103F-16F7-4668-BE54-9A1E7A4F7556}") = "Domain", "src\Domain\Domain.csproj", "{635C5135-B567-4DE0-8CCA-76FA97C2F540}"
EndProject
Project("{9A19103F-16F7-4668-BE54-9A1E7A4F7556}") = "Infrastructure.Azure.CosmosDb", "src\Infrastructure.Azure.CosmosDb\Infrastructure.Azure.CosmosDb.csproj", "{B5FC5E1B-B108-43EF-80FF-99DF8C490F72}"
EndProject
Project("{9A19103F-16F7-4668-BE54-9A1E7A4F7556}") = "App", "src\App\App.csproj", "{CA7219C0-C600-4ECD-A2A5-B3BEF0DE15FC}"
EndProject
Project("{9A19103F-16F7-4668-BE54-9A1E7A4F7556}") = "App.Web", "src\App.Web\App.Web.csproj", "{7060ED4B-CD75-43CB-AA37-408D7FCA937E}"
EndProject
Project("{9A19103F-16F7-4668-BE54-9A1E7A4F7556}") = "Common", "src\Common\Common.csproj", "{06FE900A-CD37-42D5-A18E-DFCFF7796A40}"
EndProject
Project("{9A19103F-16F7-4668-BE54-9A1E7A4F7556}") = "Messaging", "src\Messaging\Messaging.csproj", "{B86418EA-FEE2-42E1-B03E-CAAA43D3DBA5}"
EndProject
Project("{9A19103F-16F7-4668-BE54-9A1E7A4F7556}") = "Messaging.Infrastructure.RabbitMQ", "src\Messaging.Infrastructure.RabbitMQ\Messaging.Infrastructure.RabbitMQ.csproj", "{D409507E-9055-4185-801F-4F66445183BC}"
EndProject
Project("{9A19103F-16F7-4668-BE54-9A1E7A4F7556}") = "UnitTests", "tests\UnitTests\UnitTests.csproj", "{2515C160-1A6A-4E8A-9853-D25A5D08BDCC}"
EndProject
Project("{9A19103F-16F7-4668-BE54-9A1E7A4F7556}") = "Sample.App.Web", "tests\Sample.App.Web\Sample.App.Web.csproj", "{8EBF6580-FA63-4078-AB0F-B97771C3DCE0}"
EndProject
Project("{9A19103F-16F7-4668-BE54-9A1E7A4F7556}") = "Sample.Messaging.App.Console", "tests\Sample.Messaging.App.Console\Sample.Messaging.App.Console.csproj", "{633DD43F-BB9B-4DB3-8D77-9C63B96FC352}"
EndProject
Project("{9A19103F-16F7-4668-BE54-9A1E7A4F7556}") = "App.Commands", "src\App.Commands\App.Commands.csproj", "{D199A34D-6FE9-48A7-BDEE-3F01572BF3D4}"
EndProject
Project("{9A19103F-16F7-4668-BE54-9A1E7A4F7556}") = "Messaging.Infrastructure.Azure", "src\Messaging.Infrastructure.Azure\Messaging.Infrastructure.Azure.csproj", "{BD63E3F7-598B-470E-B33D-1EF4D446DF6B}"
EndProject
Project("{9A19103F-16F7-4668-BE54-9A1E7A4F7556}") = "Infrastructure.Azure.KeyVault", "src\Infrastructure.Azure.KeyVault\Infrastructure.Azure.KeyVault.csproj", "{DBA9758B-BED6-45E3-BB95-D95F4CBADCFB}"
EndProject
Project("{9A19103F-16F7-4668-BE54-9A1E7A4F7556}") = "Sample.App", "tests\Sample.App\Sample.App.csproj", "{575579C0-66B3-4161-A42D-4DE94D1EACE2}"
EndProject
Project("{9A19103F-16F7-4668-BE54-9A1E7A4F7556}") = "App.Configuration", "src\App.Configuration\App.Configuration.csproj", "{9803F2B8-8EF2-45E1-94CE-23FD16BAD91F}"
EndProject
Project("{9A19103F-16F7-4668-BE54-9A1E7A4F7556}") = "Infrastructure.Azure.Arm", "src\Infrastructure.Azure.Arm\Infrastructure.Azure.Arm.csproj", "{DDFC8D91-9E8B-45DA-8BFC-CC3282100608}"
EndProject
Project("{9A19103F-16F7-4668-BE54-9A1E7A4F7556}") = "Sample.App.IntegrationTests", "tests\Sample.App.IntegrationTests\Sample.App.IntegrationTests.csproj", "{67FC16FB-7B11-4B17-85B7-607784DC0729}"
EndProject
Project("{9A19103F-16F7-4668-BE54-9A1E7A4F7556}") = "Domain.Repositories", "src\Domain.Repositories\Domain.Repositories.csproj", "{31977D83-B6D2-4AEE-B340-8F0C366AD180}"
EndProject
Project("{9A19103F-16F7-4668-BE54-9A1E7A4F7556}") = "Domain.Specifications", "src\Domain.Specifications\Domain.Specifications.csproj", "{2E8FA2A7-7EDA-4DFF-8741-F3B06FCF386E}"
EndProject
Project("{9A19103F-16F7-4668-BE54-9A1E7A4F7556}") = "Domain.Repositories.AutoMapper", "src\Domain.Repositories.AutoMapper\Domain.Repositories.AutoMapper.csproj", "{F9EB6C35-7301-4121-940D-4060F6B127FE}"
EndProject
Project("{9A19103F-16F7-4668-BE54-9A1E7A4F7556}") = "Common.Dependency.SimpleInjector", "src\Common.Dependency.SimpleInjector\Common.Dependency.SimpleInjector.csproj", "{BA3EF951-968F-44C2-BBA0-EAE8F89D5E85}"
EndProject
Project("{9A19103F-16F7-4668-BE54-9A1E7A4F7556}") = "Infrastructure.EntityFramework", "src\Infrastructure.EntityFramework\Infrastructure.EntityFramework.csproj", "{A26FB96B-CF4E-4D6B-ABC5-E085F81751DF}"
EndProject
Project("{9A19103F-16F7-4668-BE54-9A1E7A4F7556}") = "App.Operations.Serilog", "src\App.Operations.Serilog\App.Operations.Serilog.csproj", "{E2B1A676-401D-4B6B-86BD-2D9C4A0FAE4A}"
EndProject
Project("{9A19103F-16F7-4668-BE54-9A1E7A4F7556}") = "Sample", "tests\Sample\Sample.csproj", "{07C25C4B-004A-423B-920D-25CD3D8857B9}"
EndProject
Project("{9A19103F-16F7-4668-BE54-9A1E7A4F7556}") = "Sample.IntegrationTests", "tests\Sample.IntegrationTests\Sample.IntegrationTests.csproj", "{3EB3AF35-6FFE-49BE-AD7A-4BCB916029FB}"
EndProject
Project("{9A19103F-16F7-4668-BE54-9A1E7A4F7556}") = "Infrastructure.Azure", "src\Infrastructure.Azure.Configuration\Infrastructure.Azure.csproj", "{DB92A376-A488-4D08-87DE-7BFEB07DEE6A}"
EndProject
Project("{9A19103F-16F7-4668-BE54-9A1E7A4F7556}") = "Infrastructure.Azure.ServiceBus", "src\Infrastructure.Azure.ServiceBus\Infrastructure.Azure.ServiceBus.csproj", "{E11B662F-19F4-4B16-9818-4CED64A83CB0}"
EndProject
Project("{9A19103F-16F7-4668-BE54-9A1E7A4F7556}") = "Operations", "src\Operations\Operations.csproj", "{0B254852-E2BC-4D7C-84C6-A189E5D9091F}"
EndProject
Project("{9A19103F-16F7-4668-BE54-9A1E7A4F7556}") = "Operations.Infrastructure.Azure.LogAnalytics", "src\Operations.Infrastructure.Azure.LogAnalytics\Operations.Infrastructure.Azure.LogAnalytics.csproj", "{61782421-1B22-4974-AF52-08DDA4D9FEC4}"
EndProject
Project("{9A19103F-16F7-4668-BE54-9A1E7A4F7556}") = "Scheduling", "src\Scheduling\Scheduling.csproj", "{D0514A2A-4BEE-4898-9344-6EACA9069182}"
EndProject
Project("{9A19103F-16F7-4668-BE54-9A1E7A4F7556}") = "App.Operations.Web", "src\App.Operations.Web\App.Operations.Web.csproj", "{463DEB37-B732-43DB-88A9-2CBB23FFFAF2}"
EndProject
Project("{2150E333-8FDC-42A3-9474-1A3956D46DE8}") = "Core", "Core", "{C441E12D-3F09-4E93-B490-6E77B8FB7CD5}"
EndProject
Project("{2150E333-8FDC-42A3-9474-1A3956D46DE8}") = "Operations", "Operations", "{AF6ABB51-8C80-4AB1-9AE0-82F2C38F4092}"
EndProject
Project("{2150E333-8FDC-42A3-9474-1A3956D46DE8}") = "Messaging", "Messaging", "{861972F8-CE24-4236-AAA1-FF4AC345740E}"
EndProject
Project("{2150E333-8FDC-42A3-9474-1A3956D46DE8}") = "Scheduling", "Scheduling", "{0978CAE5-4C82-4789-9083-4042E7106906}"
EndProject
Project("{FAE04EC0-301F-11D3-BF4B-00C04F79EFBC}") = "App.Web.Correlation", "src\App.Web.Correlation\App.Web.Correlation.csproj", "{AA565C59-4247-44C5-8CBB-5F30F1A23C6A}"
EndProject
Global
	GlobalSection(SolutionConfigurationPlatforms) = preSolution
		Debug|Any CPU = Debug|Any CPU
		Debug|x64 = Debug|x64
		Debug|x86 = Debug|x86
		Release|Any CPU = Release|Any CPU
		Release|x64 = Release|x64
		Release|x86 = Release|x86
	EndGlobalSection
	GlobalSection(ProjectConfigurationPlatforms) = postSolution
		{D2A2D706-F821-4BAC-892F-B5F1FEAB82B5}.Debug|Any CPU.ActiveCfg = Debug|Any CPU
		{D2A2D706-F821-4BAC-892F-B5F1FEAB82B5}.Debug|Any CPU.Build.0 = Debug|Any CPU
		{D2A2D706-F821-4BAC-892F-B5F1FEAB82B5}.Debug|x64.ActiveCfg = Debug|Any CPU
		{D2A2D706-F821-4BAC-892F-B5F1FEAB82B5}.Debug|x64.Build.0 = Debug|Any CPU
		{D2A2D706-F821-4BAC-892F-B5F1FEAB82B5}.Debug|x86.ActiveCfg = Debug|Any CPU
		{D2A2D706-F821-4BAC-892F-B5F1FEAB82B5}.Debug|x86.Build.0 = Debug|Any CPU
		{D2A2D706-F821-4BAC-892F-B5F1FEAB82B5}.Release|Any CPU.ActiveCfg = Release|Any CPU
		{D2A2D706-F821-4BAC-892F-B5F1FEAB82B5}.Release|Any CPU.Build.0 = Release|Any CPU
		{D2A2D706-F821-4BAC-892F-B5F1FEAB82B5}.Release|x64.ActiveCfg = Release|Any CPU
		{D2A2D706-F821-4BAC-892F-B5F1FEAB82B5}.Release|x64.Build.0 = Release|Any CPU
		{D2A2D706-F821-4BAC-892F-B5F1FEAB82B5}.Release|x86.ActiveCfg = Release|Any CPU
		{D2A2D706-F821-4BAC-892F-B5F1FEAB82B5}.Release|x86.Build.0 = Release|Any CPU
		{38F37EE8-D81B-49C3-8044-B48C48713B30}.Debug|Any CPU.ActiveCfg = Debug|Any CPU
		{38F37EE8-D81B-49C3-8044-B48C48713B30}.Debug|Any CPU.Build.0 = Debug|Any CPU
		{38F37EE8-D81B-49C3-8044-B48C48713B30}.Debug|x64.ActiveCfg = Debug|Any CPU
		{38F37EE8-D81B-49C3-8044-B48C48713B30}.Debug|x64.Build.0 = Debug|Any CPU
		{38F37EE8-D81B-49C3-8044-B48C48713B30}.Debug|x86.ActiveCfg = Debug|Any CPU
		{38F37EE8-D81B-49C3-8044-B48C48713B30}.Debug|x86.Build.0 = Debug|Any CPU
		{38F37EE8-D81B-49C3-8044-B48C48713B30}.Release|Any CPU.ActiveCfg = Release|Any CPU
		{38F37EE8-D81B-49C3-8044-B48C48713B30}.Release|Any CPU.Build.0 = Release|Any CPU
		{38F37EE8-D81B-49C3-8044-B48C48713B30}.Release|x64.ActiveCfg = Release|Any CPU
		{38F37EE8-D81B-49C3-8044-B48C48713B30}.Release|x64.Build.0 = Release|Any CPU
		{38F37EE8-D81B-49C3-8044-B48C48713B30}.Release|x86.ActiveCfg = Release|Any CPU
		{38F37EE8-D81B-49C3-8044-B48C48713B30}.Release|x86.Build.0 = Release|Any CPU
		{635C5135-B567-4DE0-8CCA-76FA97C2F540}.Debug|Any CPU.ActiveCfg = Debug|Any CPU
		{635C5135-B567-4DE0-8CCA-76FA97C2F540}.Debug|Any CPU.Build.0 = Debug|Any CPU
		{635C5135-B567-4DE0-8CCA-76FA97C2F540}.Debug|x64.ActiveCfg = Debug|Any CPU
		{635C5135-B567-4DE0-8CCA-76FA97C2F540}.Debug|x64.Build.0 = Debug|Any CPU
		{635C5135-B567-4DE0-8CCA-76FA97C2F540}.Debug|x86.ActiveCfg = Debug|Any CPU
		{635C5135-B567-4DE0-8CCA-76FA97C2F540}.Debug|x86.Build.0 = Debug|Any CPU
		{635C5135-B567-4DE0-8CCA-76FA97C2F540}.Release|Any CPU.ActiveCfg = Release|Any CPU
		{635C5135-B567-4DE0-8CCA-76FA97C2F540}.Release|Any CPU.Build.0 = Release|Any CPU
		{635C5135-B567-4DE0-8CCA-76FA97C2F540}.Release|x64.ActiveCfg = Release|Any CPU
		{635C5135-B567-4DE0-8CCA-76FA97C2F540}.Release|x64.Build.0 = Release|Any CPU
		{635C5135-B567-4DE0-8CCA-76FA97C2F540}.Release|x86.ActiveCfg = Release|Any CPU
		{635C5135-B567-4DE0-8CCA-76FA97C2F540}.Release|x86.Build.0 = Release|Any CPU
		{B5FC5E1B-B108-43EF-80FF-99DF8C490F72}.Debug|Any CPU.ActiveCfg = Debug|Any CPU
		{B5FC5E1B-B108-43EF-80FF-99DF8C490F72}.Debug|Any CPU.Build.0 = Debug|Any CPU
		{B5FC5E1B-B108-43EF-80FF-99DF8C490F72}.Debug|x64.ActiveCfg = Debug|Any CPU
		{B5FC5E1B-B108-43EF-80FF-99DF8C490F72}.Debug|x64.Build.0 = Debug|Any CPU
		{B5FC5E1B-B108-43EF-80FF-99DF8C490F72}.Debug|x86.ActiveCfg = Debug|Any CPU
		{B5FC5E1B-B108-43EF-80FF-99DF8C490F72}.Debug|x86.Build.0 = Debug|Any CPU
		{B5FC5E1B-B108-43EF-80FF-99DF8C490F72}.Release|Any CPU.ActiveCfg = Release|Any CPU
		{B5FC5E1B-B108-43EF-80FF-99DF8C490F72}.Release|Any CPU.Build.0 = Release|Any CPU
		{B5FC5E1B-B108-43EF-80FF-99DF8C490F72}.Release|x64.ActiveCfg = Release|Any CPU
		{B5FC5E1B-B108-43EF-80FF-99DF8C490F72}.Release|x64.Build.0 = Release|Any CPU
		{B5FC5E1B-B108-43EF-80FF-99DF8C490F72}.Release|x86.ActiveCfg = Release|Any CPU
		{B5FC5E1B-B108-43EF-80FF-99DF8C490F72}.Release|x86.Build.0 = Release|Any CPU
		{CA7219C0-C600-4ECD-A2A5-B3BEF0DE15FC}.Debug|Any CPU.ActiveCfg = Debug|Any CPU
		{CA7219C0-C600-4ECD-A2A5-B3BEF0DE15FC}.Debug|Any CPU.Build.0 = Debug|Any CPU
		{CA7219C0-C600-4ECD-A2A5-B3BEF0DE15FC}.Debug|x64.ActiveCfg = Debug|Any CPU
		{CA7219C0-C600-4ECD-A2A5-B3BEF0DE15FC}.Debug|x64.Build.0 = Debug|Any CPU
		{CA7219C0-C600-4ECD-A2A5-B3BEF0DE15FC}.Debug|x86.ActiveCfg = Debug|Any CPU
		{CA7219C0-C600-4ECD-A2A5-B3BEF0DE15FC}.Debug|x86.Build.0 = Debug|Any CPU
		{CA7219C0-C600-4ECD-A2A5-B3BEF0DE15FC}.Release|Any CPU.ActiveCfg = Release|Any CPU
		{CA7219C0-C600-4ECD-A2A5-B3BEF0DE15FC}.Release|Any CPU.Build.0 = Release|Any CPU
		{CA7219C0-C600-4ECD-A2A5-B3BEF0DE15FC}.Release|x64.ActiveCfg = Release|Any CPU
		{CA7219C0-C600-4ECD-A2A5-B3BEF0DE15FC}.Release|x64.Build.0 = Release|Any CPU
		{CA7219C0-C600-4ECD-A2A5-B3BEF0DE15FC}.Release|x86.ActiveCfg = Release|Any CPU
		{CA7219C0-C600-4ECD-A2A5-B3BEF0DE15FC}.Release|x86.Build.0 = Release|Any CPU
		{7060ED4B-CD75-43CB-AA37-408D7FCA937E}.Debug|Any CPU.ActiveCfg = Debug|Any CPU
		{7060ED4B-CD75-43CB-AA37-408D7FCA937E}.Debug|Any CPU.Build.0 = Debug|Any CPU
		{7060ED4B-CD75-43CB-AA37-408D7FCA937E}.Debug|x64.ActiveCfg = Debug|Any CPU
		{7060ED4B-CD75-43CB-AA37-408D7FCA937E}.Debug|x64.Build.0 = Debug|Any CPU
		{7060ED4B-CD75-43CB-AA37-408D7FCA937E}.Debug|x86.ActiveCfg = Debug|Any CPU
		{7060ED4B-CD75-43CB-AA37-408D7FCA937E}.Debug|x86.Build.0 = Debug|Any CPU
		{7060ED4B-CD75-43CB-AA37-408D7FCA937E}.Release|Any CPU.ActiveCfg = Release|Any CPU
		{7060ED4B-CD75-43CB-AA37-408D7FCA937E}.Release|Any CPU.Build.0 = Release|Any CPU
		{7060ED4B-CD75-43CB-AA37-408D7FCA937E}.Release|x64.ActiveCfg = Release|Any CPU
		{7060ED4B-CD75-43CB-AA37-408D7FCA937E}.Release|x64.Build.0 = Release|Any CPU
		{7060ED4B-CD75-43CB-AA37-408D7FCA937E}.Release|x86.ActiveCfg = Release|Any CPU
		{7060ED4B-CD75-43CB-AA37-408D7FCA937E}.Release|x86.Build.0 = Release|Any CPU
		{06FE900A-CD37-42D5-A18E-DFCFF7796A40}.Debug|Any CPU.ActiveCfg = Debug|Any CPU
		{06FE900A-CD37-42D5-A18E-DFCFF7796A40}.Debug|Any CPU.Build.0 = Debug|Any CPU
		{06FE900A-CD37-42D5-A18E-DFCFF7796A40}.Debug|x64.ActiveCfg = Debug|Any CPU
		{06FE900A-CD37-42D5-A18E-DFCFF7796A40}.Debug|x64.Build.0 = Debug|Any CPU
		{06FE900A-CD37-42D5-A18E-DFCFF7796A40}.Debug|x86.ActiveCfg = Debug|Any CPU
		{06FE900A-CD37-42D5-A18E-DFCFF7796A40}.Debug|x86.Build.0 = Debug|Any CPU
		{06FE900A-CD37-42D5-A18E-DFCFF7796A40}.Release|Any CPU.ActiveCfg = Release|Any CPU
		{06FE900A-CD37-42D5-A18E-DFCFF7796A40}.Release|Any CPU.Build.0 = Release|Any CPU
		{06FE900A-CD37-42D5-A18E-DFCFF7796A40}.Release|x64.ActiveCfg = Release|Any CPU
		{06FE900A-CD37-42D5-A18E-DFCFF7796A40}.Release|x64.Build.0 = Release|Any CPU
		{06FE900A-CD37-42D5-A18E-DFCFF7796A40}.Release|x86.ActiveCfg = Release|Any CPU
		{06FE900A-CD37-42D5-A18E-DFCFF7796A40}.Release|x86.Build.0 = Release|Any CPU
		{B86418EA-FEE2-42E1-B03E-CAAA43D3DBA5}.Debug|Any CPU.ActiveCfg = Debug|Any CPU
		{B86418EA-FEE2-42E1-B03E-CAAA43D3DBA5}.Debug|Any CPU.Build.0 = Debug|Any CPU
		{B86418EA-FEE2-42E1-B03E-CAAA43D3DBA5}.Debug|x64.ActiveCfg = Debug|Any CPU
		{B86418EA-FEE2-42E1-B03E-CAAA43D3DBA5}.Debug|x64.Build.0 = Debug|Any CPU
		{B86418EA-FEE2-42E1-B03E-CAAA43D3DBA5}.Debug|x86.ActiveCfg = Debug|Any CPU
		{B86418EA-FEE2-42E1-B03E-CAAA43D3DBA5}.Debug|x86.Build.0 = Debug|Any CPU
		{B86418EA-FEE2-42E1-B03E-CAAA43D3DBA5}.Release|Any CPU.ActiveCfg = Release|Any CPU
		{B86418EA-FEE2-42E1-B03E-CAAA43D3DBA5}.Release|Any CPU.Build.0 = Release|Any CPU
		{B86418EA-FEE2-42E1-B03E-CAAA43D3DBA5}.Release|x64.ActiveCfg = Release|Any CPU
		{B86418EA-FEE2-42E1-B03E-CAAA43D3DBA5}.Release|x64.Build.0 = Release|Any CPU
		{B86418EA-FEE2-42E1-B03E-CAAA43D3DBA5}.Release|x86.ActiveCfg = Release|Any CPU
		{B86418EA-FEE2-42E1-B03E-CAAA43D3DBA5}.Release|x86.Build.0 = Release|Any CPU
		{D409507E-9055-4185-801F-4F66445183BC}.Debug|Any CPU.ActiveCfg = Debug|Any CPU
		{D409507E-9055-4185-801F-4F66445183BC}.Debug|Any CPU.Build.0 = Debug|Any CPU
		{D409507E-9055-4185-801F-4F66445183BC}.Debug|x64.ActiveCfg = Debug|Any CPU
		{D409507E-9055-4185-801F-4F66445183BC}.Debug|x64.Build.0 = Debug|Any CPU
		{D409507E-9055-4185-801F-4F66445183BC}.Debug|x86.ActiveCfg = Debug|Any CPU
		{D409507E-9055-4185-801F-4F66445183BC}.Debug|x86.Build.0 = Debug|Any CPU
		{D409507E-9055-4185-801F-4F66445183BC}.Release|Any CPU.ActiveCfg = Release|Any CPU
		{D409507E-9055-4185-801F-4F66445183BC}.Release|Any CPU.Build.0 = Release|Any CPU
		{D409507E-9055-4185-801F-4F66445183BC}.Release|x64.ActiveCfg = Release|Any CPU
		{D409507E-9055-4185-801F-4F66445183BC}.Release|x64.Build.0 = Release|Any CPU
		{D409507E-9055-4185-801F-4F66445183BC}.Release|x86.ActiveCfg = Release|Any CPU
		{D409507E-9055-4185-801F-4F66445183BC}.Release|x86.Build.0 = Release|Any CPU
		{2515C160-1A6A-4E8A-9853-D25A5D08BDCC}.Debug|Any CPU.ActiveCfg = Debug|Any CPU
		{2515C160-1A6A-4E8A-9853-D25A5D08BDCC}.Debug|Any CPU.Build.0 = Debug|Any CPU
		{2515C160-1A6A-4E8A-9853-D25A5D08BDCC}.Debug|x64.ActiveCfg = Debug|Any CPU
		{2515C160-1A6A-4E8A-9853-D25A5D08BDCC}.Debug|x64.Build.0 = Debug|Any CPU
		{2515C160-1A6A-4E8A-9853-D25A5D08BDCC}.Debug|x86.ActiveCfg = Debug|Any CPU
		{2515C160-1A6A-4E8A-9853-D25A5D08BDCC}.Debug|x86.Build.0 = Debug|Any CPU
		{2515C160-1A6A-4E8A-9853-D25A5D08BDCC}.Release|Any CPU.ActiveCfg = Release|Any CPU
		{2515C160-1A6A-4E8A-9853-D25A5D08BDCC}.Release|Any CPU.Build.0 = Release|Any CPU
		{2515C160-1A6A-4E8A-9853-D25A5D08BDCC}.Release|x64.ActiveCfg = Release|Any CPU
		{2515C160-1A6A-4E8A-9853-D25A5D08BDCC}.Release|x64.Build.0 = Release|Any CPU
		{2515C160-1A6A-4E8A-9853-D25A5D08BDCC}.Release|x86.ActiveCfg = Release|Any CPU
		{2515C160-1A6A-4E8A-9853-D25A5D08BDCC}.Release|x86.Build.0 = Release|Any CPU
		{8EBF6580-FA63-4078-AB0F-B97771C3DCE0}.Debug|Any CPU.ActiveCfg = Debug|Any CPU
		{8EBF6580-FA63-4078-AB0F-B97771C3DCE0}.Debug|Any CPU.Build.0 = Debug|Any CPU
		{8EBF6580-FA63-4078-AB0F-B97771C3DCE0}.Debug|x64.ActiveCfg = Debug|Any CPU
		{8EBF6580-FA63-4078-AB0F-B97771C3DCE0}.Debug|x64.Build.0 = Debug|Any CPU
		{8EBF6580-FA63-4078-AB0F-B97771C3DCE0}.Debug|x86.ActiveCfg = Debug|Any CPU
		{8EBF6580-FA63-4078-AB0F-B97771C3DCE0}.Debug|x86.Build.0 = Debug|Any CPU
		{8EBF6580-FA63-4078-AB0F-B97771C3DCE0}.Release|Any CPU.ActiveCfg = Release|Any CPU
		{8EBF6580-FA63-4078-AB0F-B97771C3DCE0}.Release|Any CPU.Build.0 = Release|Any CPU
		{8EBF6580-FA63-4078-AB0F-B97771C3DCE0}.Release|x64.ActiveCfg = Release|Any CPU
		{8EBF6580-FA63-4078-AB0F-B97771C3DCE0}.Release|x64.Build.0 = Release|Any CPU
		{8EBF6580-FA63-4078-AB0F-B97771C3DCE0}.Release|x86.ActiveCfg = Release|Any CPU
		{8EBF6580-FA63-4078-AB0F-B97771C3DCE0}.Release|x86.Build.0 = Release|Any CPU
		{633DD43F-BB9B-4DB3-8D77-9C63B96FC352}.Debug|Any CPU.ActiveCfg = Debug|Any CPU
		{633DD43F-BB9B-4DB3-8D77-9C63B96FC352}.Debug|Any CPU.Build.0 = Debug|Any CPU
		{633DD43F-BB9B-4DB3-8D77-9C63B96FC352}.Debug|x64.ActiveCfg = Debug|Any CPU
		{633DD43F-BB9B-4DB3-8D77-9C63B96FC352}.Debug|x64.Build.0 = Debug|Any CPU
		{633DD43F-BB9B-4DB3-8D77-9C63B96FC352}.Debug|x86.ActiveCfg = Debug|Any CPU
		{633DD43F-BB9B-4DB3-8D77-9C63B96FC352}.Debug|x86.Build.0 = Debug|Any CPU
		{633DD43F-BB9B-4DB3-8D77-9C63B96FC352}.Release|Any CPU.ActiveCfg = Release|Any CPU
		{633DD43F-BB9B-4DB3-8D77-9C63B96FC352}.Release|Any CPU.Build.0 = Release|Any CPU
		{633DD43F-BB9B-4DB3-8D77-9C63B96FC352}.Release|x64.ActiveCfg = Release|Any CPU
		{633DD43F-BB9B-4DB3-8D77-9C63B96FC352}.Release|x64.Build.0 = Release|Any CPU
		{633DD43F-BB9B-4DB3-8D77-9C63B96FC352}.Release|x86.ActiveCfg = Release|Any CPU
		{633DD43F-BB9B-4DB3-8D77-9C63B96FC352}.Release|x86.Build.0 = Release|Any CPU
		{D199A34D-6FE9-48A7-BDEE-3F01572BF3D4}.Debug|Any CPU.ActiveCfg = Debug|Any CPU
		{D199A34D-6FE9-48A7-BDEE-3F01572BF3D4}.Debug|Any CPU.Build.0 = Debug|Any CPU
		{D199A34D-6FE9-48A7-BDEE-3F01572BF3D4}.Debug|x64.ActiveCfg = Debug|Any CPU
		{D199A34D-6FE9-48A7-BDEE-3F01572BF3D4}.Debug|x64.Build.0 = Debug|Any CPU
		{D199A34D-6FE9-48A7-BDEE-3F01572BF3D4}.Debug|x86.ActiveCfg = Debug|Any CPU
		{D199A34D-6FE9-48A7-BDEE-3F01572BF3D4}.Debug|x86.Build.0 = Debug|Any CPU
		{D199A34D-6FE9-48A7-BDEE-3F01572BF3D4}.Release|Any CPU.ActiveCfg = Release|Any CPU
		{D199A34D-6FE9-48A7-BDEE-3F01572BF3D4}.Release|Any CPU.Build.0 = Release|Any CPU
		{D199A34D-6FE9-48A7-BDEE-3F01572BF3D4}.Release|x64.ActiveCfg = Release|Any CPU
		{D199A34D-6FE9-48A7-BDEE-3F01572BF3D4}.Release|x64.Build.0 = Release|Any CPU
		{D199A34D-6FE9-48A7-BDEE-3F01572BF3D4}.Release|x86.ActiveCfg = Release|Any CPU
		{D199A34D-6FE9-48A7-BDEE-3F01572BF3D4}.Release|x86.Build.0 = Release|Any CPU
		{BD63E3F7-598B-470E-B33D-1EF4D446DF6B}.Debug|Any CPU.ActiveCfg = Debug|Any CPU
		{BD63E3F7-598B-470E-B33D-1EF4D446DF6B}.Debug|Any CPU.Build.0 = Debug|Any CPU
		{BD63E3F7-598B-470E-B33D-1EF4D446DF6B}.Debug|x64.ActiveCfg = Debug|Any CPU
		{BD63E3F7-598B-470E-B33D-1EF4D446DF6B}.Debug|x64.Build.0 = Debug|Any CPU
		{BD63E3F7-598B-470E-B33D-1EF4D446DF6B}.Debug|x86.ActiveCfg = Debug|Any CPU
		{BD63E3F7-598B-470E-B33D-1EF4D446DF6B}.Debug|x86.Build.0 = Debug|Any CPU
		{BD63E3F7-598B-470E-B33D-1EF4D446DF6B}.Release|Any CPU.ActiveCfg = Release|Any CPU
		{BD63E3F7-598B-470E-B33D-1EF4D446DF6B}.Release|Any CPU.Build.0 = Release|Any CPU
		{BD63E3F7-598B-470E-B33D-1EF4D446DF6B}.Release|x64.ActiveCfg = Release|Any CPU
		{BD63E3F7-598B-470E-B33D-1EF4D446DF6B}.Release|x64.Build.0 = Release|Any CPU
		{BD63E3F7-598B-470E-B33D-1EF4D446DF6B}.Release|x86.ActiveCfg = Release|Any CPU
		{BD63E3F7-598B-470E-B33D-1EF4D446DF6B}.Release|x86.Build.0 = Release|Any CPU
		{DBA9758B-BED6-45E3-BB95-D95F4CBADCFB}.Debug|Any CPU.ActiveCfg = Debug|Any CPU
		{DBA9758B-BED6-45E3-BB95-D95F4CBADCFB}.Debug|Any CPU.Build.0 = Debug|Any CPU
		{DBA9758B-BED6-45E3-BB95-D95F4CBADCFB}.Debug|x64.ActiveCfg = Debug|Any CPU
		{DBA9758B-BED6-45E3-BB95-D95F4CBADCFB}.Debug|x64.Build.0 = Debug|Any CPU
		{DBA9758B-BED6-45E3-BB95-D95F4CBADCFB}.Debug|x86.ActiveCfg = Debug|Any CPU
		{DBA9758B-BED6-45E3-BB95-D95F4CBADCFB}.Debug|x86.Build.0 = Debug|Any CPU
		{DBA9758B-BED6-45E3-BB95-D95F4CBADCFB}.Release|Any CPU.ActiveCfg = Release|Any CPU
		{DBA9758B-BED6-45E3-BB95-D95F4CBADCFB}.Release|Any CPU.Build.0 = Release|Any CPU
		{DBA9758B-BED6-45E3-BB95-D95F4CBADCFB}.Release|x64.ActiveCfg = Release|Any CPU
		{DBA9758B-BED6-45E3-BB95-D95F4CBADCFB}.Release|x64.Build.0 = Release|Any CPU
		{DBA9758B-BED6-45E3-BB95-D95F4CBADCFB}.Release|x86.ActiveCfg = Release|Any CPU
		{DBA9758B-BED6-45E3-BB95-D95F4CBADCFB}.Release|x86.Build.0 = Release|Any CPU
		{575579C0-66B3-4161-A42D-4DE94D1EACE2}.Debug|Any CPU.ActiveCfg = Debug|Any CPU
		{575579C0-66B3-4161-A42D-4DE94D1EACE2}.Debug|Any CPU.Build.0 = Debug|Any CPU
		{575579C0-66B3-4161-A42D-4DE94D1EACE2}.Debug|x64.ActiveCfg = Debug|Any CPU
		{575579C0-66B3-4161-A42D-4DE94D1EACE2}.Debug|x64.Build.0 = Debug|Any CPU
		{575579C0-66B3-4161-A42D-4DE94D1EACE2}.Debug|x86.ActiveCfg = Debug|Any CPU
		{575579C0-66B3-4161-A42D-4DE94D1EACE2}.Debug|x86.Build.0 = Debug|Any CPU
		{575579C0-66B3-4161-A42D-4DE94D1EACE2}.Release|Any CPU.ActiveCfg = Release|Any CPU
		{575579C0-66B3-4161-A42D-4DE94D1EACE2}.Release|Any CPU.Build.0 = Release|Any CPU
		{575579C0-66B3-4161-A42D-4DE94D1EACE2}.Release|x64.ActiveCfg = Release|Any CPU
		{575579C0-66B3-4161-A42D-4DE94D1EACE2}.Release|x64.Build.0 = Release|Any CPU
		{575579C0-66B3-4161-A42D-4DE94D1EACE2}.Release|x86.ActiveCfg = Release|Any CPU
		{575579C0-66B3-4161-A42D-4DE94D1EACE2}.Release|x86.Build.0 = Release|Any CPU
		{9803F2B8-8EF2-45E1-94CE-23FD16BAD91F}.Debug|Any CPU.ActiveCfg = Debug|Any CPU
		{9803F2B8-8EF2-45E1-94CE-23FD16BAD91F}.Debug|Any CPU.Build.0 = Debug|Any CPU
		{9803F2B8-8EF2-45E1-94CE-23FD16BAD91F}.Debug|x64.ActiveCfg = Debug|Any CPU
		{9803F2B8-8EF2-45E1-94CE-23FD16BAD91F}.Debug|x64.Build.0 = Debug|Any CPU
		{9803F2B8-8EF2-45E1-94CE-23FD16BAD91F}.Debug|x86.ActiveCfg = Debug|Any CPU
		{9803F2B8-8EF2-45E1-94CE-23FD16BAD91F}.Debug|x86.Build.0 = Debug|Any CPU
		{9803F2B8-8EF2-45E1-94CE-23FD16BAD91F}.Release|Any CPU.ActiveCfg = Release|Any CPU
		{9803F2B8-8EF2-45E1-94CE-23FD16BAD91F}.Release|Any CPU.Build.0 = Release|Any CPU
		{9803F2B8-8EF2-45E1-94CE-23FD16BAD91F}.Release|x64.ActiveCfg = Release|Any CPU
		{9803F2B8-8EF2-45E1-94CE-23FD16BAD91F}.Release|x64.Build.0 = Release|Any CPU
		{9803F2B8-8EF2-45E1-94CE-23FD16BAD91F}.Release|x86.ActiveCfg = Release|Any CPU
		{9803F2B8-8EF2-45E1-94CE-23FD16BAD91F}.Release|x86.Build.0 = Release|Any CPU
		{DDFC8D91-9E8B-45DA-8BFC-CC3282100608}.Debug|Any CPU.ActiveCfg = Debug|Any CPU
		{DDFC8D91-9E8B-45DA-8BFC-CC3282100608}.Debug|Any CPU.Build.0 = Debug|Any CPU
		{DDFC8D91-9E8B-45DA-8BFC-CC3282100608}.Debug|x64.ActiveCfg = Debug|Any CPU
		{DDFC8D91-9E8B-45DA-8BFC-CC3282100608}.Debug|x64.Build.0 = Debug|Any CPU
		{DDFC8D91-9E8B-45DA-8BFC-CC3282100608}.Debug|x86.ActiveCfg = Debug|Any CPU
		{DDFC8D91-9E8B-45DA-8BFC-CC3282100608}.Debug|x86.Build.0 = Debug|Any CPU
		{DDFC8D91-9E8B-45DA-8BFC-CC3282100608}.Release|Any CPU.ActiveCfg = Release|Any CPU
		{DDFC8D91-9E8B-45DA-8BFC-CC3282100608}.Release|Any CPU.Build.0 = Release|Any CPU
		{DDFC8D91-9E8B-45DA-8BFC-CC3282100608}.Release|x64.ActiveCfg = Release|Any CPU
		{DDFC8D91-9E8B-45DA-8BFC-CC3282100608}.Release|x64.Build.0 = Release|Any CPU
		{DDFC8D91-9E8B-45DA-8BFC-CC3282100608}.Release|x86.ActiveCfg = Release|Any CPU
		{DDFC8D91-9E8B-45DA-8BFC-CC3282100608}.Release|x86.Build.0 = Release|Any CPU
		{67FC16FB-7B11-4B17-85B7-607784DC0729}.Debug|Any CPU.ActiveCfg = Debug|Any CPU
		{67FC16FB-7B11-4B17-85B7-607784DC0729}.Debug|Any CPU.Build.0 = Debug|Any CPU
		{67FC16FB-7B11-4B17-85B7-607784DC0729}.Debug|x64.ActiveCfg = Debug|Any CPU
		{67FC16FB-7B11-4B17-85B7-607784DC0729}.Debug|x64.Build.0 = Debug|Any CPU
		{67FC16FB-7B11-4B17-85B7-607784DC0729}.Debug|x86.ActiveCfg = Debug|Any CPU
		{67FC16FB-7B11-4B17-85B7-607784DC0729}.Debug|x86.Build.0 = Debug|Any CPU
		{67FC16FB-7B11-4B17-85B7-607784DC0729}.Release|Any CPU.ActiveCfg = Release|Any CPU
		{67FC16FB-7B11-4B17-85B7-607784DC0729}.Release|Any CPU.Build.0 = Release|Any CPU
		{67FC16FB-7B11-4B17-85B7-607784DC0729}.Release|x64.ActiveCfg = Release|Any CPU
		{67FC16FB-7B11-4B17-85B7-607784DC0729}.Release|x64.Build.0 = Release|Any CPU
		{67FC16FB-7B11-4B17-85B7-607784DC0729}.Release|x86.ActiveCfg = Release|Any CPU
		{67FC16FB-7B11-4B17-85B7-607784DC0729}.Release|x86.Build.0 = Release|Any CPU
		{31977D83-B6D2-4AEE-B340-8F0C366AD180}.Debug|Any CPU.ActiveCfg = Debug|Any CPU
		{31977D83-B6D2-4AEE-B340-8F0C366AD180}.Debug|Any CPU.Build.0 = Debug|Any CPU
		{31977D83-B6D2-4AEE-B340-8F0C366AD180}.Debug|x64.ActiveCfg = Debug|Any CPU
		{31977D83-B6D2-4AEE-B340-8F0C366AD180}.Debug|x64.Build.0 = Debug|Any CPU
		{31977D83-B6D2-4AEE-B340-8F0C366AD180}.Debug|x86.ActiveCfg = Debug|Any CPU
		{31977D83-B6D2-4AEE-B340-8F0C366AD180}.Debug|x86.Build.0 = Debug|Any CPU
		{31977D83-B6D2-4AEE-B340-8F0C366AD180}.Release|Any CPU.ActiveCfg = Release|Any CPU
		{31977D83-B6D2-4AEE-B340-8F0C366AD180}.Release|Any CPU.Build.0 = Release|Any CPU
		{31977D83-B6D2-4AEE-B340-8F0C366AD180}.Release|x64.ActiveCfg = Release|Any CPU
		{31977D83-B6D2-4AEE-B340-8F0C366AD180}.Release|x64.Build.0 = Release|Any CPU
		{31977D83-B6D2-4AEE-B340-8F0C366AD180}.Release|x86.ActiveCfg = Release|Any CPU
		{31977D83-B6D2-4AEE-B340-8F0C366AD180}.Release|x86.Build.0 = Release|Any CPU
		{2E8FA2A7-7EDA-4DFF-8741-F3B06FCF386E}.Debug|Any CPU.ActiveCfg = Debug|Any CPU
		{2E8FA2A7-7EDA-4DFF-8741-F3B06FCF386E}.Debug|Any CPU.Build.0 = Debug|Any CPU
		{2E8FA2A7-7EDA-4DFF-8741-F3B06FCF386E}.Debug|x64.ActiveCfg = Debug|Any CPU
		{2E8FA2A7-7EDA-4DFF-8741-F3B06FCF386E}.Debug|x64.Build.0 = Debug|Any CPU
		{2E8FA2A7-7EDA-4DFF-8741-F3B06FCF386E}.Debug|x86.ActiveCfg = Debug|Any CPU
		{2E8FA2A7-7EDA-4DFF-8741-F3B06FCF386E}.Debug|x86.Build.0 = Debug|Any CPU
		{2E8FA2A7-7EDA-4DFF-8741-F3B06FCF386E}.Release|Any CPU.ActiveCfg = Release|Any CPU
		{2E8FA2A7-7EDA-4DFF-8741-F3B06FCF386E}.Release|Any CPU.Build.0 = Release|Any CPU
		{2E8FA2A7-7EDA-4DFF-8741-F3B06FCF386E}.Release|x64.ActiveCfg = Release|Any CPU
		{2E8FA2A7-7EDA-4DFF-8741-F3B06FCF386E}.Release|x64.Build.0 = Release|Any CPU
		{2E8FA2A7-7EDA-4DFF-8741-F3B06FCF386E}.Release|x86.ActiveCfg = Release|Any CPU
		{2E8FA2A7-7EDA-4DFF-8741-F3B06FCF386E}.Release|x86.Build.0 = Release|Any CPU
		{F9EB6C35-7301-4121-940D-4060F6B127FE}.Debug|Any CPU.ActiveCfg = Debug|Any CPU
		{F9EB6C35-7301-4121-940D-4060F6B127FE}.Debug|Any CPU.Build.0 = Debug|Any CPU
		{F9EB6C35-7301-4121-940D-4060F6B127FE}.Debug|x64.ActiveCfg = Debug|Any CPU
		{F9EB6C35-7301-4121-940D-4060F6B127FE}.Debug|x64.Build.0 = Debug|Any CPU
		{F9EB6C35-7301-4121-940D-4060F6B127FE}.Debug|x86.ActiveCfg = Debug|Any CPU
		{F9EB6C35-7301-4121-940D-4060F6B127FE}.Debug|x86.Build.0 = Debug|Any CPU
		{F9EB6C35-7301-4121-940D-4060F6B127FE}.Release|Any CPU.ActiveCfg = Release|Any CPU
		{F9EB6C35-7301-4121-940D-4060F6B127FE}.Release|Any CPU.Build.0 = Release|Any CPU
		{F9EB6C35-7301-4121-940D-4060F6B127FE}.Release|x64.ActiveCfg = Release|Any CPU
		{F9EB6C35-7301-4121-940D-4060F6B127FE}.Release|x64.Build.0 = Release|Any CPU
		{F9EB6C35-7301-4121-940D-4060F6B127FE}.Release|x86.ActiveCfg = Release|Any CPU
		{F9EB6C35-7301-4121-940D-4060F6B127FE}.Release|x86.Build.0 = Release|Any CPU
		{BA3EF951-968F-44C2-BBA0-EAE8F89D5E85}.Debug|Any CPU.ActiveCfg = Debug|Any CPU
		{BA3EF951-968F-44C2-BBA0-EAE8F89D5E85}.Debug|Any CPU.Build.0 = Debug|Any CPU
		{BA3EF951-968F-44C2-BBA0-EAE8F89D5E85}.Debug|x64.ActiveCfg = Debug|Any CPU
		{BA3EF951-968F-44C2-BBA0-EAE8F89D5E85}.Debug|x64.Build.0 = Debug|Any CPU
		{BA3EF951-968F-44C2-BBA0-EAE8F89D5E85}.Debug|x86.ActiveCfg = Debug|Any CPU
		{BA3EF951-968F-44C2-BBA0-EAE8F89D5E85}.Debug|x86.Build.0 = Debug|Any CPU
		{BA3EF951-968F-44C2-BBA0-EAE8F89D5E85}.Release|Any CPU.ActiveCfg = Release|Any CPU
		{BA3EF951-968F-44C2-BBA0-EAE8F89D5E85}.Release|Any CPU.Build.0 = Release|Any CPU
		{BA3EF951-968F-44C2-BBA0-EAE8F89D5E85}.Release|x64.ActiveCfg = Release|Any CPU
		{BA3EF951-968F-44C2-BBA0-EAE8F89D5E85}.Release|x64.Build.0 = Release|Any CPU
		{BA3EF951-968F-44C2-BBA0-EAE8F89D5E85}.Release|x86.ActiveCfg = Release|Any CPU
		{BA3EF951-968F-44C2-BBA0-EAE8F89D5E85}.Release|x86.Build.0 = Release|Any CPU
		{A26FB96B-CF4E-4D6B-ABC5-E085F81751DF}.Debug|Any CPU.ActiveCfg = Debug|Any CPU
		{A26FB96B-CF4E-4D6B-ABC5-E085F81751DF}.Debug|Any CPU.Build.0 = Debug|Any CPU
		{A26FB96B-CF4E-4D6B-ABC5-E085F81751DF}.Debug|x64.ActiveCfg = Debug|Any CPU
		{A26FB96B-CF4E-4D6B-ABC5-E085F81751DF}.Debug|x64.Build.0 = Debug|Any CPU
		{A26FB96B-CF4E-4D6B-ABC5-E085F81751DF}.Debug|x86.ActiveCfg = Debug|Any CPU
		{A26FB96B-CF4E-4D6B-ABC5-E085F81751DF}.Debug|x86.Build.0 = Debug|Any CPU
		{A26FB96B-CF4E-4D6B-ABC5-E085F81751DF}.Release|Any CPU.ActiveCfg = Release|Any CPU
		{A26FB96B-CF4E-4D6B-ABC5-E085F81751DF}.Release|Any CPU.Build.0 = Release|Any CPU
		{A26FB96B-CF4E-4D6B-ABC5-E085F81751DF}.Release|x64.ActiveCfg = Release|Any CPU
		{A26FB96B-CF4E-4D6B-ABC5-E085F81751DF}.Release|x64.Build.0 = Release|Any CPU
		{A26FB96B-CF4E-4D6B-ABC5-E085F81751DF}.Release|x86.ActiveCfg = Release|Any CPU
		{A26FB96B-CF4E-4D6B-ABC5-E085F81751DF}.Release|x86.Build.0 = Release|Any CPU
		{E2B1A676-401D-4B6B-86BD-2D9C4A0FAE4A}.Debug|Any CPU.ActiveCfg = Debug|Any CPU
		{E2B1A676-401D-4B6B-86BD-2D9C4A0FAE4A}.Debug|Any CPU.Build.0 = Debug|Any CPU
		{E2B1A676-401D-4B6B-86BD-2D9C4A0FAE4A}.Debug|x64.ActiveCfg = Debug|Any CPU
		{E2B1A676-401D-4B6B-86BD-2D9C4A0FAE4A}.Debug|x64.Build.0 = Debug|Any CPU
		{E2B1A676-401D-4B6B-86BD-2D9C4A0FAE4A}.Debug|x86.ActiveCfg = Debug|Any CPU
		{E2B1A676-401D-4B6B-86BD-2D9C4A0FAE4A}.Debug|x86.Build.0 = Debug|Any CPU
		{E2B1A676-401D-4B6B-86BD-2D9C4A0FAE4A}.Release|Any CPU.ActiveCfg = Release|Any CPU
		{E2B1A676-401D-4B6B-86BD-2D9C4A0FAE4A}.Release|Any CPU.Build.0 = Release|Any CPU
		{E2B1A676-401D-4B6B-86BD-2D9C4A0FAE4A}.Release|x64.ActiveCfg = Release|Any CPU
		{E2B1A676-401D-4B6B-86BD-2D9C4A0FAE4A}.Release|x64.Build.0 = Release|Any CPU
		{E2B1A676-401D-4B6B-86BD-2D9C4A0FAE4A}.Release|x86.ActiveCfg = Release|Any CPU
		{E2B1A676-401D-4B6B-86BD-2D9C4A0FAE4A}.Release|x86.Build.0 = Release|Any CPU
		{07C25C4B-004A-423B-920D-25CD3D8857B9}.Debug|Any CPU.ActiveCfg = Debug|Any CPU
		{07C25C4B-004A-423B-920D-25CD3D8857B9}.Debug|Any CPU.Build.0 = Debug|Any CPU
		{07C25C4B-004A-423B-920D-25CD3D8857B9}.Debug|x64.ActiveCfg = Debug|Any CPU
		{07C25C4B-004A-423B-920D-25CD3D8857B9}.Debug|x64.Build.0 = Debug|Any CPU
		{07C25C4B-004A-423B-920D-25CD3D8857B9}.Debug|x86.ActiveCfg = Debug|Any CPU
		{07C25C4B-004A-423B-920D-25CD3D8857B9}.Debug|x86.Build.0 = Debug|Any CPU
		{07C25C4B-004A-423B-920D-25CD3D8857B9}.Release|Any CPU.ActiveCfg = Release|Any CPU
		{07C25C4B-004A-423B-920D-25CD3D8857B9}.Release|Any CPU.Build.0 = Release|Any CPU
		{07C25C4B-004A-423B-920D-25CD3D8857B9}.Release|x64.ActiveCfg = Release|Any CPU
		{07C25C4B-004A-423B-920D-25CD3D8857B9}.Release|x64.Build.0 = Release|Any CPU
		{07C25C4B-004A-423B-920D-25CD3D8857B9}.Release|x86.ActiveCfg = Release|Any CPU
		{07C25C4B-004A-423B-920D-25CD3D8857B9}.Release|x86.Build.0 = Release|Any CPU
		{3EB3AF35-6FFE-49BE-AD7A-4BCB916029FB}.Debug|Any CPU.ActiveCfg = Debug|Any CPU
		{3EB3AF35-6FFE-49BE-AD7A-4BCB916029FB}.Debug|Any CPU.Build.0 = Debug|Any CPU
		{3EB3AF35-6FFE-49BE-AD7A-4BCB916029FB}.Debug|x64.ActiveCfg = Debug|Any CPU
		{3EB3AF35-6FFE-49BE-AD7A-4BCB916029FB}.Debug|x64.Build.0 = Debug|Any CPU
		{3EB3AF35-6FFE-49BE-AD7A-4BCB916029FB}.Debug|x86.ActiveCfg = Debug|Any CPU
		{3EB3AF35-6FFE-49BE-AD7A-4BCB916029FB}.Debug|x86.Build.0 = Debug|Any CPU
		{3EB3AF35-6FFE-49BE-AD7A-4BCB916029FB}.Release|Any CPU.ActiveCfg = Release|Any CPU
		{3EB3AF35-6FFE-49BE-AD7A-4BCB916029FB}.Release|Any CPU.Build.0 = Release|Any CPU
		{3EB3AF35-6FFE-49BE-AD7A-4BCB916029FB}.Release|x64.ActiveCfg = Release|Any CPU
		{3EB3AF35-6FFE-49BE-AD7A-4BCB916029FB}.Release|x64.Build.0 = Release|Any CPU
		{3EB3AF35-6FFE-49BE-AD7A-4BCB916029FB}.Release|x86.ActiveCfg = Release|Any CPU
		{3EB3AF35-6FFE-49BE-AD7A-4BCB916029FB}.Release|x86.Build.0 = Release|Any CPU
		{DB92A376-A488-4D08-87DE-7BFEB07DEE6A}.Debug|Any CPU.ActiveCfg = Debug|Any CPU
		{DB92A376-A488-4D08-87DE-7BFEB07DEE6A}.Debug|Any CPU.Build.0 = Debug|Any CPU
		{DB92A376-A488-4D08-87DE-7BFEB07DEE6A}.Debug|x64.ActiveCfg = Debug|Any CPU
		{DB92A376-A488-4D08-87DE-7BFEB07DEE6A}.Debug|x64.Build.0 = Debug|Any CPU
		{DB92A376-A488-4D08-87DE-7BFEB07DEE6A}.Debug|x86.ActiveCfg = Debug|Any CPU
		{DB92A376-A488-4D08-87DE-7BFEB07DEE6A}.Debug|x86.Build.0 = Debug|Any CPU
		{DB92A376-A488-4D08-87DE-7BFEB07DEE6A}.Release|Any CPU.ActiveCfg = Release|Any CPU
		{DB92A376-A488-4D08-87DE-7BFEB07DEE6A}.Release|Any CPU.Build.0 = Release|Any CPU
		{DB92A376-A488-4D08-87DE-7BFEB07DEE6A}.Release|x64.ActiveCfg = Release|Any CPU
		{DB92A376-A488-4D08-87DE-7BFEB07DEE6A}.Release|x64.Build.0 = Release|Any CPU
		{DB92A376-A488-4D08-87DE-7BFEB07DEE6A}.Release|x86.ActiveCfg = Release|Any CPU
		{DB92A376-A488-4D08-87DE-7BFEB07DEE6A}.Release|x86.Build.0 = Release|Any CPU
		{E11B662F-19F4-4B16-9818-4CED64A83CB0}.Debug|Any CPU.ActiveCfg = Debug|Any CPU
		{E11B662F-19F4-4B16-9818-4CED64A83CB0}.Debug|Any CPU.Build.0 = Debug|Any CPU
		{E11B662F-19F4-4B16-9818-4CED64A83CB0}.Debug|x64.ActiveCfg = Debug|Any CPU
		{E11B662F-19F4-4B16-9818-4CED64A83CB0}.Debug|x64.Build.0 = Debug|Any CPU
		{E11B662F-19F4-4B16-9818-4CED64A83CB0}.Debug|x86.ActiveCfg = Debug|Any CPU
		{E11B662F-19F4-4B16-9818-4CED64A83CB0}.Debug|x86.Build.0 = Debug|Any CPU
		{E11B662F-19F4-4B16-9818-4CED64A83CB0}.Release|Any CPU.ActiveCfg = Release|Any CPU
		{E11B662F-19F4-4B16-9818-4CED64A83CB0}.Release|Any CPU.Build.0 = Release|Any CPU
		{E11B662F-19F4-4B16-9818-4CED64A83CB0}.Release|x64.ActiveCfg = Release|Any CPU
		{E11B662F-19F4-4B16-9818-4CED64A83CB0}.Release|x64.Build.0 = Release|Any CPU
		{E11B662F-19F4-4B16-9818-4CED64A83CB0}.Release|x86.ActiveCfg = Release|Any CPU
		{E11B662F-19F4-4B16-9818-4CED64A83CB0}.Release|x86.Build.0 = Release|Any CPU
		{0B254852-E2BC-4D7C-84C6-A189E5D9091F}.Debug|Any CPU.ActiveCfg = Debug|Any CPU
		{0B254852-E2BC-4D7C-84C6-A189E5D9091F}.Debug|Any CPU.Build.0 = Debug|Any CPU
		{0B254852-E2BC-4D7C-84C6-A189E5D9091F}.Debug|x64.ActiveCfg = Debug|Any CPU
		{0B254852-E2BC-4D7C-84C6-A189E5D9091F}.Debug|x64.Build.0 = Debug|Any CPU
		{0B254852-E2BC-4D7C-84C6-A189E5D9091F}.Debug|x86.ActiveCfg = Debug|Any CPU
		{0B254852-E2BC-4D7C-84C6-A189E5D9091F}.Debug|x86.Build.0 = Debug|Any CPU
		{0B254852-E2BC-4D7C-84C6-A189E5D9091F}.Release|Any CPU.ActiveCfg = Release|Any CPU
		{0B254852-E2BC-4D7C-84C6-A189E5D9091F}.Release|Any CPU.Build.0 = Release|Any CPU
		{0B254852-E2BC-4D7C-84C6-A189E5D9091F}.Release|x64.ActiveCfg = Release|Any CPU
		{0B254852-E2BC-4D7C-84C6-A189E5D9091F}.Release|x64.Build.0 = Release|Any CPU
		{0B254852-E2BC-4D7C-84C6-A189E5D9091F}.Release|x86.ActiveCfg = Release|Any CPU
		{0B254852-E2BC-4D7C-84C6-A189E5D9091F}.Release|x86.Build.0 = Release|Any CPU
		{61782421-1B22-4974-AF52-08DDA4D9FEC4}.Debug|Any CPU.ActiveCfg = Debug|Any CPU
		{61782421-1B22-4974-AF52-08DDA4D9FEC4}.Debug|Any CPU.Build.0 = Debug|Any CPU
		{61782421-1B22-4974-AF52-08DDA4D9FEC4}.Debug|x64.ActiveCfg = Debug|Any CPU
		{61782421-1B22-4974-AF52-08DDA4D9FEC4}.Debug|x64.Build.0 = Debug|Any CPU
		{61782421-1B22-4974-AF52-08DDA4D9FEC4}.Debug|x86.ActiveCfg = Debug|Any CPU
		{61782421-1B22-4974-AF52-08DDA4D9FEC4}.Debug|x86.Build.0 = Debug|Any CPU
		{61782421-1B22-4974-AF52-08DDA4D9FEC4}.Release|Any CPU.ActiveCfg = Release|Any CPU
		{61782421-1B22-4974-AF52-08DDA4D9FEC4}.Release|Any CPU.Build.0 = Release|Any CPU
		{61782421-1B22-4974-AF52-08DDA4D9FEC4}.Release|x64.ActiveCfg = Release|Any CPU
		{61782421-1B22-4974-AF52-08DDA4D9FEC4}.Release|x64.Build.0 = Release|Any CPU
		{61782421-1B22-4974-AF52-08DDA4D9FEC4}.Release|x86.ActiveCfg = Release|Any CPU
		{61782421-1B22-4974-AF52-08DDA4D9FEC4}.Release|x86.Build.0 = Release|Any CPU
		{D0514A2A-4BEE-4898-9344-6EACA9069182}.Debug|Any CPU.ActiveCfg = Debug|Any CPU
		{D0514A2A-4BEE-4898-9344-6EACA9069182}.Debug|Any CPU.Build.0 = Debug|Any CPU
		{D0514A2A-4BEE-4898-9344-6EACA9069182}.Debug|x64.ActiveCfg = Debug|Any CPU
		{D0514A2A-4BEE-4898-9344-6EACA9069182}.Debug|x64.Build.0 = Debug|Any CPU
		{D0514A2A-4BEE-4898-9344-6EACA9069182}.Debug|x86.ActiveCfg = Debug|Any CPU
		{D0514A2A-4BEE-4898-9344-6EACA9069182}.Debug|x86.Build.0 = Debug|Any CPU
		{D0514A2A-4BEE-4898-9344-6EACA9069182}.Release|Any CPU.ActiveCfg = Release|Any CPU
		{D0514A2A-4BEE-4898-9344-6EACA9069182}.Release|Any CPU.Build.0 = Release|Any CPU
		{D0514A2A-4BEE-4898-9344-6EACA9069182}.Release|x64.ActiveCfg = Release|Any CPU
		{D0514A2A-4BEE-4898-9344-6EACA9069182}.Release|x64.Build.0 = Release|Any CPU
		{D0514A2A-4BEE-4898-9344-6EACA9069182}.Release|x86.ActiveCfg = Release|Any CPU
		{D0514A2A-4BEE-4898-9344-6EACA9069182}.Release|x86.Build.0 = Release|Any CPU
		{463DEB37-B732-43DB-88A9-2CBB23FFFAF2}.Debug|Any CPU.ActiveCfg = Debug|Any CPU
		{463DEB37-B732-43DB-88A9-2CBB23FFFAF2}.Debug|Any CPU.Build.0 = Debug|Any CPU
		{463DEB37-B732-43DB-88A9-2CBB23FFFAF2}.Debug|x64.ActiveCfg = Debug|Any CPU
		{463DEB37-B732-43DB-88A9-2CBB23FFFAF2}.Debug|x64.Build.0 = Debug|Any CPU
		{463DEB37-B732-43DB-88A9-2CBB23FFFAF2}.Debug|x86.ActiveCfg = Debug|Any CPU
		{463DEB37-B732-43DB-88A9-2CBB23FFFAF2}.Debug|x86.Build.0 = Debug|Any CPU
		{463DEB37-B732-43DB-88A9-2CBB23FFFAF2}.Release|Any CPU.ActiveCfg = Release|Any CPU
		{463DEB37-B732-43DB-88A9-2CBB23FFFAF2}.Release|Any CPU.Build.0 = Release|Any CPU
		{463DEB37-B732-43DB-88A9-2CBB23FFFAF2}.Release|x64.ActiveCfg = Release|Any CPU
		{463DEB37-B732-43DB-88A9-2CBB23FFFAF2}.Release|x64.Build.0 = Release|Any CPU
		{463DEB37-B732-43DB-88A9-2CBB23FFFAF2}.Release|x86.ActiveCfg = Release|Any CPU
		{463DEB37-B732-43DB-88A9-2CBB23FFFAF2}.Release|x86.Build.0 = Release|Any CPU
		{AA565C59-4247-44C5-8CBB-5F30F1A23C6A}.Debug|Any CPU.ActiveCfg = Debug|Any CPU
		{AA565C59-4247-44C5-8CBB-5F30F1A23C6A}.Debug|Any CPU.Build.0 = Debug|Any CPU
		{AA565C59-4247-44C5-8CBB-5F30F1A23C6A}.Debug|x64.ActiveCfg = Debug|Any CPU
		{AA565C59-4247-44C5-8CBB-5F30F1A23C6A}.Debug|x64.Build.0 = Debug|Any CPU
		{AA565C59-4247-44C5-8CBB-5F30F1A23C6A}.Debug|x86.ActiveCfg = Debug|Any CPU
		{AA565C59-4247-44C5-8CBB-5F30F1A23C6A}.Debug|x86.Build.0 = Debug|Any CPU
		{AA565C59-4247-44C5-8CBB-5F30F1A23C6A}.Release|Any CPU.ActiveCfg = Release|Any CPU
		{AA565C59-4247-44C5-8CBB-5F30F1A23C6A}.Release|Any CPU.Build.0 = Release|Any CPU
		{AA565C59-4247-44C5-8CBB-5F30F1A23C6A}.Release|x64.ActiveCfg = Release|Any CPU
		{AA565C59-4247-44C5-8CBB-5F30F1A23C6A}.Release|x64.Build.0 = Release|Any CPU
		{AA565C59-4247-44C5-8CBB-5F30F1A23C6A}.Release|x86.ActiveCfg = Release|Any CPU
		{AA565C59-4247-44C5-8CBB-5F30F1A23C6A}.Release|x86.Build.0 = Release|Any CPU
	EndGlobalSection
	GlobalSection(SolutionProperties) = preSolution
		HideSolutionNode = FALSE
	EndGlobalSection
	GlobalSection(NestedProjects) = preSolution
		{D2A2D706-F821-4BAC-892F-B5F1FEAB82B5} = {C441E12D-3F09-4E93-B490-6E77B8FB7CD5}
		{38F37EE8-D81B-49C3-8044-B48C48713B30} = {C441E12D-3F09-4E93-B490-6E77B8FB7CD5}
		{635C5135-B567-4DE0-8CCA-76FA97C2F540} = {C441E12D-3F09-4E93-B490-6E77B8FB7CD5}
		{B5FC5E1B-B108-43EF-80FF-99DF8C490F72} = {C441E12D-3F09-4E93-B490-6E77B8FB7CD5}
		{CA7219C0-C600-4ECD-A2A5-B3BEF0DE15FC} = {C441E12D-3F09-4E93-B490-6E77B8FB7CD5}
		{7060ED4B-CD75-43CB-AA37-408D7FCA937E} = {C441E12D-3F09-4E93-B490-6E77B8FB7CD5}
		{06FE900A-CD37-42D5-A18E-DFCFF7796A40} = {C441E12D-3F09-4E93-B490-6E77B8FB7CD5}
		{B86418EA-FEE2-42E1-B03E-CAAA43D3DBA5} = {861972F8-CE24-4236-AAA1-FF4AC345740E}
		{D409507E-9055-4185-801F-4F66445183BC} = {861972F8-CE24-4236-AAA1-FF4AC345740E}
		{2515C160-1A6A-4E8A-9853-D25A5D08BDCC} = {D54F7975-DC18-481A-824F-DF0FD37370C3}
		{8EBF6580-FA63-4078-AB0F-B97771C3DCE0} = {D54F7975-DC18-481A-824F-DF0FD37370C3}
		{633DD43F-BB9B-4DB3-8D77-9C63B96FC352} = {D54F7975-DC18-481A-824F-DF0FD37370C3}
		{D199A34D-6FE9-48A7-BDEE-3F01572BF3D4} = {C441E12D-3F09-4E93-B490-6E77B8FB7CD5}
		{BD63E3F7-598B-470E-B33D-1EF4D446DF6B} = {861972F8-CE24-4236-AAA1-FF4AC345740E}
		{DBA9758B-BED6-45E3-BB95-D95F4CBADCFB} = {C441E12D-3F09-4E93-B490-6E77B8FB7CD5}
		{575579C0-66B3-4161-A42D-4DE94D1EACE2} = {D54F7975-DC18-481A-824F-DF0FD37370C3}
		{9803F2B8-8EF2-45E1-94CE-23FD16BAD91F} = {C441E12D-3F09-4E93-B490-6E77B8FB7CD5}
		{DDFC8D91-9E8B-45DA-8BFC-CC3282100608} = {C441E12D-3F09-4E93-B490-6E77B8FB7CD5}
		{67FC16FB-7B11-4B17-85B7-607784DC0729} = {D54F7975-DC18-481A-824F-DF0FD37370C3}
		{31977D83-B6D2-4AEE-B340-8F0C366AD180} = {C441E12D-3F09-4E93-B490-6E77B8FB7CD5}
		{2E8FA2A7-7EDA-4DFF-8741-F3B06FCF386E} = {C441E12D-3F09-4E93-B490-6E77B8FB7CD5}
		{F9EB6C35-7301-4121-940D-4060F6B127FE} = {C441E12D-3F09-4E93-B490-6E77B8FB7CD5}
		{BA3EF951-968F-44C2-BBA0-EAE8F89D5E85} = {C441E12D-3F09-4E93-B490-6E77B8FB7CD5}
		{A26FB96B-CF4E-4D6B-ABC5-E085F81751DF} = {C441E12D-3F09-4E93-B490-6E77B8FB7CD5}
		{E2B1A676-401D-4B6B-86BD-2D9C4A0FAE4A} = {AF6ABB51-8C80-4AB1-9AE0-82F2C38F4092}
		{07C25C4B-004A-423B-920D-25CD3D8857B9} = {D54F7975-DC18-481A-824F-DF0FD37370C3}
		{3EB3AF35-6FFE-49BE-AD7A-4BCB916029FB} = {D54F7975-DC18-481A-824F-DF0FD37370C3}
		{DB92A376-A488-4D08-87DE-7BFEB07DEE6A} = {C441E12D-3F09-4E93-B490-6E77B8FB7CD5}
		{E11B662F-19F4-4B16-9818-4CED64A83CB0} = {C441E12D-3F09-4E93-B490-6E77B8FB7CD5}
		{0B254852-E2BC-4D7C-84C6-A189E5D9091F} = {AF6ABB51-8C80-4AB1-9AE0-82F2C38F4092}
		{61782421-1B22-4974-AF52-08DDA4D9FEC4} = {AF6ABB51-8C80-4AB1-9AE0-82F2C38F4092}
		{D0514A2A-4BEE-4898-9344-6EACA9069182} = {0978CAE5-4C82-4789-9083-4042E7106906}
		{463DEB37-B732-43DB-88A9-2CBB23FFFAF2} = {AF6ABB51-8C80-4AB1-9AE0-82F2C38F4092}
		{C441E12D-3F09-4E93-B490-6E77B8FB7CD5} = {09D80029-71E3-4B4D-AA1A-CD153787AED0}
		{AF6ABB51-8C80-4AB1-9AE0-82F2C38F4092} = {09D80029-71E3-4B4D-AA1A-CD153787AED0}
		{861972F8-CE24-4236-AAA1-FF4AC345740E} = {09D80029-71E3-4B4D-AA1A-CD153787AED0}
		{0978CAE5-4C82-4789-9083-4042E7106906} = {09D80029-71E3-4B4D-AA1A-CD153787AED0}
		{AA565C59-4247-44C5-8CBB-5F30F1A23C6A} = {C441E12D-3F09-4E93-B490-6E77B8FB7CD5}
	EndGlobalSection
	GlobalSection(ExtensibilityGlobals) = postSolution
		SolutionGuid = {BD699E0F-4BC9-41A9-93D5-E89FDDA8FC17}
	EndGlobalSection
EndGlobal
